// !$*UTF8*$!
{
	archiveVersion = 1;
	classes = {
	};
	objectVersion = 50;
	objects = {

/* Begin PBXBuildFile section */
		F706070426F9957D00AC66BC /* SwiftUI_Transition.swift in Sources */ = {isa = PBXBuildFile; fileRef = F706070326F9957D00AC66BC /* SwiftUI_Transition.swift */; };
		F706070626F9D4A300AC66BC /* SwiftUI_List.swift in Sources */ = {isa = PBXBuildFile; fileRef = F706070526F9D4A300AC66BC /* SwiftUI_List.swift */; };
		F706070826F9E29F00AC66BC /* ArticleView.swift in Sources */ = {isa = PBXBuildFile; fileRef = F706070726F9E29F00AC66BC /* ArticleView.swift */; };
		F706070A26F9E34600AC66BC /* SwiftUI_NavigationView.swift in Sources */ = {isa = PBXBuildFile; fileRef = F706070926F9E34600AC66BC /* SwiftUI_NavigationView.swift */; };
		F7287E8726F23D17000C2DD2 /* SwiftUI_State_Binding.swift in Sources */ = {isa = PBXBuildFile; fileRef = F7287E8626F23D17000C2DD2 /* SwiftUI_State_Binding.swift */; };
		F7287E8926F75717000C2DD2 /* SwiftUI_Path_Shape.swift in Sources */ = {isa = PBXBuildFile; fileRef = F7287E8826F75717000C2DD2 /* SwiftUI_Path_Shape.swift */; };
		F7287E8B26F83F84000C2DD2 /* SwiftUI_Animation.swift in Sources */ = {isa = PBXBuildFile; fileRef = F7287E8A26F83F84000C2DD2 /* SwiftUI_Animation.swift */; };
		F77D020626EDAA60008234ED /* SwiftUI_ViewsApp.swift in Sources */ = {isa = PBXBuildFile; fileRef = F77D020526EDAA60008234ED /* SwiftUI_ViewsApp.swift */; };
		F77D020826EDAA60008234ED /* ContentView.swift in Sources */ = {isa = PBXBuildFile; fileRef = F77D020726EDAA60008234ED /* ContentView.swift */; };
		F77D020A26EDAA62008234ED /* Assets.xcassets in Resources */ = {isa = PBXBuildFile; fileRef = F77D020926EDAA62008234ED /* Assets.xcassets */; };
		F77D020D26EDAA62008234ED /* Preview Assets.xcassets in Resources */ = {isa = PBXBuildFile; fileRef = F77D020C26EDAA62008234ED /* Preview Assets.xcassets */; };
		F77D021526EDAAA3008234ED /* SwiftUI_Text.swift in Sources */ = {isa = PBXBuildFile; fileRef = F77D021426EDAAA3008234ED /* SwiftUI_Text.swift */; };
		F77D021726EDB74D008234ED /* SwiftUI_Images_Labels.swift in Sources */ = {isa = PBXBuildFile; fileRef = F77D021626EDB74D008234ED /* SwiftUI_Images_Labels.swift */; };
		F77D021926EE0FA1008234ED /* SwiftUI_stacks.swift in Sources */ = {isa = PBXBuildFile; fileRef = F77D021826EE0FA1008234ED /* SwiftUI_stacks.swift */; };
		F77D021B26EE1ACD008234ED /* SwiftUI_ScrollView.swift in Sources */ = {isa = PBXBuildFile; fileRef = F77D021A26EE1ACD008234ED /* SwiftUI_ScrollView.swift */; };
		F77D021D26EE24D3008234ED /* SwiftUI_Buttons_Labels_Gradient.swift in Sources */ = {isa = PBXBuildFile; fileRef = F77D021C26EE24D3008234ED /* SwiftUI_Buttons_Labels_Gradient.swift */; };
/* End PBXBuildFile section */

/* Begin PBXFileReference section */
		F706070326F9957D00AC66BC /* SwiftUI_Transition.swift */ = {isa = PBXFileReference; lastKnownFileType = sourcecode.swift; path = SwiftUI_Transition.swift; sourceTree = "<group>"; };
		F706070526F9D4A300AC66BC /* SwiftUI_List.swift */ = {isa = PBXFileReference; lastKnownFileType = sourcecode.swift; path = SwiftUI_List.swift; sourceTree = "<group>"; };
		F706070726F9E29F00AC66BC /* ArticleView.swift */ = {isa = PBXFileReference; lastKnownFileType = sourcecode.swift; path = ArticleView.swift; sourceTree = "<group>"; };
		F706070926F9E34600AC66BC /* SwiftUI_NavigationView.swift */ = {isa = PBXFileReference; lastKnownFileType = sourcecode.swift; path = SwiftUI_NavigationView.swift; sourceTree = "<group>"; };
		F7287E8626F23D17000C2DD2 /* SwiftUI_State_Binding.swift */ = {isa = PBXFileReference; lastKnownFileType = sourcecode.swift; path = SwiftUI_State_Binding.swift; sourceTree = "<group>"; };
		F7287E8826F75717000C2DD2 /* SwiftUI_Path_Shape.swift */ = {isa = PBXFileReference; lastKnownFileType = sourcecode.swift; path = SwiftUI_Path_Shape.swift; sourceTree = "<group>"; };
		F7287E8A26F83F84000C2DD2 /* SwiftUI_Animation.swift */ = {isa = PBXFileReference; lastKnownFileType = sourcecode.swift; path = SwiftUI_Animation.swift; sourceTree = "<group>"; };
		F77D020226EDAA60008234ED /* SwiftUI-Views.app */ = {isa = PBXFileReference; explicitFileType = wrapper.application; includeInIndex = 0; path = "SwiftUI-Views.app"; sourceTree = BUILT_PRODUCTS_DIR; };
		F77D020526EDAA60008234ED /* SwiftUI_ViewsApp.swift */ = {isa = PBXFileReference; lastKnownFileType = sourcecode.swift; path = SwiftUI_ViewsApp.swift; sourceTree = "<group>"; };
		F77D020726EDAA60008234ED /* ContentView.swift */ = {isa = PBXFileReference; lastKnownFileType = sourcecode.swift; path = ContentView.swift; sourceTree = "<group>"; };
		F77D020926EDAA62008234ED /* Assets.xcassets */ = {isa = PBXFileReference; lastKnownFileType = folder.assetcatalog; path = Assets.xcassets; sourceTree = "<group>"; };
		F77D020C26EDAA62008234ED /* Preview Assets.xcassets */ = {isa = PBXFileReference; lastKnownFileType = folder.assetcatalog; path = "Preview Assets.xcassets"; sourceTree = "<group>"; };
		F77D020E26EDAA62008234ED /* Info.plist */ = {isa = PBXFileReference; lastKnownFileType = text.plist.xml; path = Info.plist; sourceTree = "<group>"; };
		F77D021426EDAAA3008234ED /* SwiftUI_Text.swift */ = {isa = PBXFileReference; lastKnownFileType = sourcecode.swift; path = SwiftUI_Text.swift; sourceTree = "<group>"; };
		F77D021626EDB74D008234ED /* SwiftUI_Images_Labels.swift */ = {isa = PBXFileReference; lastKnownFileType = sourcecode.swift; path = SwiftUI_Images_Labels.swift; sourceTree = "<group>"; };
		F77D021826EE0FA1008234ED /* SwiftUI_stacks.swift */ = {isa = PBXFileReference; lastKnownFileType = sourcecode.swift; path = SwiftUI_stacks.swift; sourceTree = "<group>"; };
		F77D021A26EE1ACD008234ED /* SwiftUI_ScrollView.swift */ = {isa = PBXFileReference; lastKnownFileType = sourcecode.swift; path = SwiftUI_ScrollView.swift; sourceTree = "<group>"; };
		F77D021C26EE24D3008234ED /* SwiftUI_Buttons_Labels_Gradient.swift */ = {isa = PBXFileReference; lastKnownFileType = sourcecode.swift; path = SwiftUI_Buttons_Labels_Gradient.swift; sourceTree = "<group>"; };
/* End PBXFileReference section */

/* Begin PBXFrameworksBuildPhase section */
		F77D01FF26EDAA60008234ED /* Frameworks */ = {
			isa = PBXFrameworksBuildPhase;
			buildActionMask = 2147483647;
			files = (
			);
			runOnlyForDeploymentPostprocessing = 0;
		};
/* End PBXFrameworksBuildPhase section */

/* Begin PBXGroup section */
		F77D01F926EDAA60008234ED = {
			isa = PBXGroup;
			children = (
				F77D020426EDAA60008234ED /* SwiftUI-Views */,
				F77D020326EDAA60008234ED /* Products */,
			);
			sourceTree = "<group>";
		};
		F77D020326EDAA60008234ED /* Products */ = {
			isa = PBXGroup;
			children = (
				F77D020226EDAA60008234ED /* SwiftUI-Views.app */,
			);
			name = Products;
			sourceTree = "<group>";
		};
		F77D020426EDAA60008234ED /* SwiftUI-Views */ = {
			isa = PBXGroup;
			children = (
				F77D020526EDAA60008234ED /* SwiftUI_ViewsApp.swift */,
				F77D020726EDAA60008234ED /* ContentView.swift */,
				F77D021426EDAAA3008234ED /* SwiftUI_Text.swift */,
				F77D021626EDB74D008234ED /* SwiftUI_Images_Labels.swift */,
				F77D021826EE0FA1008234ED /* SwiftUI_stacks.swift */,
				F77D021A26EE1ACD008234ED /* SwiftUI_ScrollView.swift */,
				F77D021C26EE24D3008234ED /* SwiftUI_Buttons_Labels_Gradient.swift */,
				F7287E8626F23D17000C2DD2 /* SwiftUI_State_Binding.swift */,
				F7287E8826F75717000C2DD2 /* SwiftUI_Path_Shape.swift */,
				F7287E8A26F83F84000C2DD2 /* SwiftUI_Animation.swift */,
				F706070326F9957D00AC66BC /* SwiftUI_Transition.swift */,
				F706070526F9D4A300AC66BC /* SwiftUI_List.swift */,
				F706070926F9E34600AC66BC /* SwiftUI_NavigationView.swift */,
				F706070726F9E29F00AC66BC /* ArticleView.swift */,
				F77D020926EDAA62008234ED /* Assets.xcassets */,
				F77D020E26EDAA62008234ED /* Info.plist */,
				F77D020B26EDAA62008234ED /* Preview Content */,
			);
			path = "SwiftUI-Views";
			sourceTree = "<group>";
		};
		F77D020B26EDAA62008234ED /* Preview Content */ = {
			isa = PBXGroup;
			children = (
				F77D020C26EDAA62008234ED /* Preview Assets.xcassets */,
			);
			path = "Preview Content";
			sourceTree = "<group>";
		};
/* End PBXGroup section */

/* Begin PBXNativeTarget section */
		F77D020126EDAA60008234ED /* SwiftUI-Views */ = {
			isa = PBXNativeTarget;
			buildConfigurationList = F77D021126EDAA62008234ED /* Build configuration list for PBXNativeTarget "SwiftUI-Views" */;
			buildPhases = (
				F77D01FE26EDAA60008234ED /* Sources */,
				F77D01FF26EDAA60008234ED /* Frameworks */,
				F77D020026EDAA60008234ED /* Resources */,
			);
			buildRules = (
			);
			dependencies = (
			);
			name = "SwiftUI-Views";
			productName = "SwiftUI-Views";
			productReference = F77D020226EDAA60008234ED /* SwiftUI-Views.app */;
			productType = "com.apple.product-type.application";
		};
/* End PBXNativeTarget section */

/* Begin PBXProject section */
		F77D01FA26EDAA60008234ED /* Project object */ = {
			isa = PBXProject;
			attributes = {
				LastSwiftUpdateCheck = 1250;
				LastUpgradeCheck = 1250;
				TargetAttributes = {
					F77D020126EDAA60008234ED = {
						CreatedOnToolsVersion = 12.5.1;
					};
				};
			};
			buildConfigurationList = F77D01FD26EDAA60008234ED /* Build configuration list for PBXProject "SwiftUI-Views" */;
			compatibilityVersion = "Xcode 9.3";
			developmentRegion = en;
			hasScannedForEncodings = 0;
			knownRegions = (
				en,
				Base,
			);
			mainGroup = F77D01F926EDAA60008234ED;
			productRefGroup = F77D020326EDAA60008234ED /* Products */;
			projectDirPath = "";
			projectRoot = "";
			targets = (
				F77D020126EDAA60008234ED /* SwiftUI-Views */,
			);
		};
/* End PBXProject section */

/* Begin PBXResourcesBuildPhase section */
		F77D020026EDAA60008234ED /* Resources */ = {
			isa = PBXResourcesBuildPhase;
			buildActionMask = 2147483647;
			files = (
				F77D020D26EDAA62008234ED /* Preview Assets.xcassets in Resources */,
				F77D020A26EDAA62008234ED /* Assets.xcassets in Resources */,
			);
			runOnlyForDeploymentPostprocessing = 0;
		};
/* End PBXResourcesBuildPhase section */

/* Begin PBXSourcesBuildPhase section */
		F77D01FE26EDAA60008234ED /* Sources */ = {
			isa = PBXSourcesBuildPhase;
			buildActionMask = 2147483647;
			files = (
				F77D021D26EE24D3008234ED /* SwiftUI_Buttons_Labels_Gradient.swift in Sources */,
				F7287E8B26F83F84000C2DD2 /* SwiftUI_Animation.swift in Sources */,
				F77D021726EDB74D008234ED /* SwiftUI_Images_Labels.swift in Sources */,
				F77D020826EDAA60008234ED /* ContentView.swift in Sources */,
				F7287E8726F23D17000C2DD2 /* SwiftUI_State_Binding.swift in Sources */,
				F7287E8926F75717000C2DD2 /* SwiftUI_Path_Shape.swift in Sources */,
				F706070A26F9E34600AC66BC /* SwiftUI_NavigationView.swift in Sources */,
				F77D021926EE0FA1008234ED /* SwiftUI_stacks.swift in Sources */,
				F706070626F9D4A300AC66BC /* SwiftUI_List.swift in Sources */,
				F77D021B26EE1ACD008234ED /* SwiftUI_ScrollView.swift in Sources */,
				F77D020626EDAA60008234ED /* SwiftUI_ViewsApp.swift in Sources */,
				F706070426F9957D00AC66BC /* SwiftUI_Transition.swift in Sources */,
				F706070826F9E29F00AC66BC /* ArticleView.swift in Sources */,
				F77D021526EDAAA3008234ED /* SwiftUI_Text.swift in Sources */,
			);
			runOnlyForDeploymentPostprocessing = 0;
		};
/* End PBXSourcesBuildPhase section */

/* Begin XCBuildConfiguration section */
		F77D020F26EDAA62008234ED /* Debug */ = {
			isa = XCBuildConfiguration;
			buildSettings = {
				ALWAYS_SEARCH_USER_PATHS = NO;
				CLANG_ANALYZER_NONNULL = YES;
				CLANG_ANALYZER_NUMBER_OBJECT_CONVERSION = YES_AGGRESSIVE;
				CLANG_CXX_LANGUAGE_STANDARD = "gnu++14";
				CLANG_CXX_LIBRARY = "libc++";
				CLANG_ENABLE_MODULES = YES;
				CLANG_ENABLE_OBJC_ARC = YES;
				CLANG_ENABLE_OBJC_WEAK = YES;
				CLANG_WARN_BLOCK_CAPTURE_AUTORELEASING = YES;
				CLANG_WARN_BOOL_CONVERSION = YES;
				CLANG_WARN_COMMA = YES;
				CLANG_WARN_CONSTANT_CONVERSION = YES;
				CLANG_WARN_DEPRECATED_OBJC_IMPLEMENTATIONS = YES;
				CLANG_WARN_DIRECT_OBJC_ISA_USAGE = YES_ERROR;
				CLANG_WARN_DOCUMENTATION_COMMENTS = YES;
				CLANG_WARN_EMPTY_BODY = YES;
				CLANG_WARN_ENUM_CONVERSION = YES;
				CLANG_WARN_INFINITE_RECURSION = YES;
				CLANG_WARN_INT_CONVERSION = YES;
				CLANG_WARN_NON_LITERAL_NULL_CONVERSION = YES;
				CLANG_WARN_OBJC_IMPLICIT_RETAIN_SELF = YES;
				CLANG_WARN_OBJC_LITERAL_CONVERSION = YES;
				CLANG_WARN_OBJC_ROOT_CLASS = YES_ERROR;
				CLANG_WARN_QUOTED_INCLUDE_IN_FRAMEWORK_HEADER = YES;
				CLANG_WARN_RANGE_LOOP_ANALYSIS = YES;
				CLANG_WARN_STRICT_PROTOTYPES = YES;
				CLANG_WARN_SUSPICIOUS_MOVE = YES;
				CLANG_WARN_UNGUARDED_AVAILABILITY = YES_AGGRESSIVE;
				CLANG_WARN_UNREACHABLE_CODE = YES;
				CLANG_WARN__DUPLICATE_METHOD_MATCH = YES;
				COPY_PHASE_STRIP = NO;
				DEBUG_INFORMATION_FORMAT = dwarf;
				ENABLE_STRICT_OBJC_MSGSEND = YES;
				ENABLE_TESTABILITY = YES;
				GCC_C_LANGUAGE_STANDARD = gnu11;
				GCC_DYNAMIC_NO_PIC = NO;
				GCC_NO_COMMON_BLOCKS = YES;
				GCC_OPTIMIZATION_LEVEL = 0;
				GCC_PREPROCESSOR_DEFINITIONS = (
					"DEBUG=1",
					"$(inherited)",
				);
				GCC_WARN_64_TO_32_BIT_CONVERSION = YES;
				GCC_WARN_ABOUT_RETURN_TYPE = YES_ERROR;
				GCC_WARN_UNDECLARED_SELECTOR = YES;
				GCC_WARN_UNINITIALIZED_AUTOS = YES_AGGRESSIVE;
				GCC_WARN_UNUSED_FUNCTION = YES;
				GCC_WARN_UNUSED_VARIABLE = YES;
				IPHONEOS_DEPLOYMENT_TARGET = 14.5;
				MTL_ENABLE_DEBUG_INFO = INCLUDE_SOURCE;
				MTL_FAST_MATH = YES;
				ONLY_ACTIVE_ARCH = YES;
				SDKROOT = iphoneos;
				SWIFT_ACTIVE_COMPILATION_CONDITIONS = DEBUG;
				SWIFT_OPTIMIZATION_LEVEL = "-Onone";
			};
			name = Debug;
		};
		F77D021026EDAA62008234ED /* Release */ = {
			isa = XCBuildConfiguration;
			buildSettings = {
				ALWAYS_SEARCH_USER_PATHS = NO;
				CLANG_ANALYZER_NONNULL = YES;
				CLANG_ANALYZER_NUMBER_OBJECT_CONVERSION = YES_AGGRESSIVE;
				CLANG_CXX_LANGUAGE_STANDARD = "gnu++14";
				CLANG_CXX_LIBRARY = "libc++";
				CLANG_ENABLE_MODULES = YES;
				CLANG_ENABLE_OBJC_ARC = YES;
				CLANG_ENABLE_OBJC_WEAK = YES;
				CLANG_WARN_BLOCK_CAPTURE_AUTORELEASING = YES;
				CLANG_WARN_BOOL_CONVERSION = YES;
				CLANG_WARN_COMMA = YES;
				CLANG_WARN_CONSTANT_CONVERSION = YES;
				CLANG_WARN_DEPRECATED_OBJC_IMPLEMENTATIONS = YES;
				CLANG_WARN_DIRECT_OBJC_ISA_USAGE = YES_ERROR;
				CLANG_WARN_DOCUMENTATION_COMMENTS = YES;
				CLANG_WARN_EMPTY_BODY = YES;
				CLANG_WARN_ENUM_CONVERSION = YES;
				CLANG_WARN_INFINITE_RECURSION = YES;
				CLANG_WARN_INT_CONVERSION = YES;
				CLANG_WARN_NON_LITERAL_NULL_CONVERSION = YES;
				CLANG_WARN_OBJC_IMPLICIT_RETAIN_SELF = YES;
				CLANG_WARN_OBJC_LITERAL_CONVERSION = YES;
				CLANG_WARN_OBJC_ROOT_CLASS = YES_ERROR;
				CLANG_WARN_QUOTED_INCLUDE_IN_FRAMEWORK_HEADER = YES;
				CLANG_WARN_RANGE_LOOP_ANALYSIS = YES;
				CLANG_WARN_STRICT_PROTOTYPES = YES;
				CLANG_WARN_SUSPICIOUS_MOVE = YES;
				CLANG_WARN_UNGUARDED_AVAILABILITY = YES_AGGRESSIVE;
				CLANG_WARN_UNREACHABLE_CODE = YES;
				CLANG_WARN__DUPLICATE_METHOD_MATCH = YES;
				COPY_PHASE_STRIP = NO;
				DEBUG_INFORMATION_FORMAT = "dwarf-with-dsym";
				ENABLE_NS_ASSERTIONS = NO;
				ENABLE_STRICT_OBJC_MSGSEND = YES;
				GCC_C_LANGUAGE_STANDARD = gnu11;
				GCC_NO_COMMON_BLOCKS = YES;
				GCC_WARN_64_TO_32_BIT_CONVERSION = YES;
				GCC_WARN_ABOUT_RETURN_TYPE = YES_ERROR;
				GCC_WARN_UNDECLARED_SELECTOR = YES;
				GCC_WARN_UNINITIALIZED_AUTOS = YES_AGGRESSIVE;
				GCC_WARN_UNUSED_FUNCTION = YES;
				GCC_WARN_UNUSED_VARIABLE = YES;
				IPHONEOS_DEPLOYMENT_TARGET = 14.5;
				MTL_ENABLE_DEBUG_INFO = NO;
				MTL_FAST_MATH = YES;
				SDKROOT = iphoneos;
				SWIFT_COMPILATION_MODE = wholemodule;
				SWIFT_OPTIMIZATION_LEVEL = "-O";
				VALIDATE_PRODUCT = YES;
			};
			name = Release;
		};
		F77D021226EDAA62008234ED /* Debug */ = {
			isa = XCBuildConfiguration;
			buildSettings = {
				ASSETCATALOG_COMPILER_APPICON_NAME = AppIcon;
				ASSETCATALOG_COMPILER_GLOBAL_ACCENT_COLOR_NAME = AccentColor;
				CODE_SIGN_STYLE = Automatic;
				DEVELOPMENT_ASSET_PATHS = "\"SwiftUI-Views/Preview Content\"";
				DEVELOPMENT_TEAM = YY4M4NX34G;
				ENABLE_PREVIEWS = YES;
				INFOPLIST_FILE = "SwiftUI-Views/Info.plist";
				IPHONEOS_DEPLOYMENT_TARGET = 14.0;
				LD_RUNPATH_SEARCH_PATHS = (
					"$(inherited)",
					"@executable_path/Frameworks",
				);
				PRODUCT_BUNDLE_IDENTIFIER = "com.lonely.SwiftUI-Views";
				PRODUCT_NAME = "$(TARGET_NAME)";
				SWIFT_VERSION = 5.0;
				TARGETED_DEVICE_FAMILY = "1,2";
			};
			name = Debug;
		};
		F77D021326EDAA62008234ED /* Release */ = {
			isa = XCBuildConfiguration;
			buildSettings = {
				ASSETCATALOG_COMPILER_APPICON_NAME = AppIcon;
				ASSETCATALOG_COMPILER_GLOBAL_ACCENT_COLOR_NAME = AccentColor;
				CODE_SIGN_STYLE = Automatic;
				DEVELOPMENT_ASSET_PATHS = "\"SwiftUI-Views/Preview Content\"";
				DEVELOPMENT_TEAM = YY4M4NX34G;
				ENABLE_PREVIEWS = YES;
				INFOPLIST_FILE = "SwiftUI-Views/Info.plist";
				IPHONEOS_DEPLOYMENT_TARGET = 14.0;
				LD_RUNPATH_SEARCH_PATHS = (
					"$(inherited)",
					"@executable_path/Frameworks",
				);
				PRODUCT_BUNDLE_IDENTIFIER = "com.lonely.SwiftUI-Views";
				PRODUCT_NAME = "$(TARGET_NAME)";
				SWIFT_VERSION = 5.0;
				TARGETED_DEVICE_FAMILY = "1,2";
			};
			name = Release;
		};
/* End XCBuildConfiguration section */

/* Begin XCConfigurationList section */
		F77D01FD26EDAA60008234ED /* Build configuration list for PBXProject "SwiftUI-Views" */ = {
			isa = XCConfigurationList;
			buildConfigurations = (
				F77D020F26EDAA62008234ED /* Debug */,
				F77D021026EDAA62008234ED /* Release */,
			);
			defaultConfigurationIsVisible = 0;
			defaultConfigurationName = Release;
		};
		F77D021126EDAA62008234ED /* Build configuration list for PBXNativeTarget "SwiftUI-Views" */ = {
			isa = XCConfigurationList;
			buildConfigurations = (
				F77D021226EDAA62008234ED /* Debug */,
				F77D021326EDAA62008234ED /* Release */,
			);
			defaultConfigurationIsVisible = 0;
			defaultConfigurationName = Release;
		};
/* End XCConfigurationList section */
	};
	rootObject = F77D01FA26EDAA60008234ED /* Project object */;
}
