// !$*UTF8*$!
{
	archiveVersion = 1;
	classes = {
	};
	objectVersion = 50;
	objects = {

/* Begin PBXBuildFile section */
		BF800C6A27292C3000E13BB1 /* SwiftUI_AnimatedNaviMenu.swift in Sources */ = {isa = PBXBuildFile; fileRef = BF800C6927292C3000E13BB1 /* SwiftUI_AnimatedNaviMenu.swift */; };
		BF800C6C272933DB00E13BB1 /* SwiftUI_AsyncImage.swift in Sources */ = {isa = PBXBuildFile; fileRef = BF800C6B272933DB00E13BB1 /* SwiftUI_AsyncImage.swift */; };
		BF896AD327314C8A00115A80 /* ToDoSearchBar.swift in Sources */ = {isa = PBXBuildFile; fileRef = BF896AD227314C8A00115A80 /* ToDoSearchBar.swift */; };
		BF896AD727315E9A00115A80 /* PFinanceStore.xcdatamodeld in Sources */ = {isa = PBXBuildFile; fileRef = BF896AD527315E9A00115A80 /* PFinanceStore.xcdatamodeld */; };
		BF896AE227315EE000115A80 /* NumberFormatter+Ext.swift in Sources */ = {isa = PBXBuildFile; fileRef = BF896AE127315EE000115A80 /* NumberFormatter+Ext.swift */; };
		BF896AE327315EE000115A80 /* Date+Ext.swift in Sources */ = {isa = PBXBuildFile; fileRef = BF896AE027315EE000115A80 /* Date+Ext.swift */; };
		BF896AE727315F0600115A80 /* PaymentActivity.swift in Sources */ = {isa = PBXBuildFile; fileRef = BF896AE527315F0600115A80 /* PaymentActivity.swift */; };
		BF896AE827315F0600115A80 /* PFPersistence.swift in Sources */ = {isa = PBXBuildFile; fileRef = BF896AE627315F0600115A80 /* PFPersistence.swift */; };
		BF896AF027315F2A00115A80 /* PaymentDetailView.swift in Sources */ = {isa = PBXBuildFile; fileRef = BF896AEB27315F2A00115A80 /* PaymentDetailView.swift */; };
		BF896AF127315F2A00115A80 /* BottomSheet.swift in Sources */ = {isa = PBXBuildFile; fileRef = BF896AED27315F2A00115A80 /* BottomSheet.swift */; };
		BF896AF227315F2A00115A80 /* PaymentFormView.swift in Sources */ = {isa = PBXBuildFile; fileRef = BF896AEE27315F2A00115A80 /* PaymentFormView.swift */; };
		BF896AF327315F2A00115A80 /* PFBlankView.swift in Sources */ = {isa = PBXBuildFile; fileRef = BF896AEC27315F2A00115A80 /* PFBlankView.swift */; };
		BF896AF427315F2A00115A80 /* DashboardView.swift in Sources */ = {isa = PBXBuildFile; fileRef = BF896AEA27315F2A00115A80 /* DashboardView.swift */; };
		BF896AF527315F2A00115A80 /* KeyboardAdaptive.swift in Sources */ = {isa = PBXBuildFile; fileRef = BF896AEF27315F2A00115A80 /* KeyboardAdaptive.swift */; };
		BF896AFA27315F6800115A80 /* PaymentDetailViewModel.swift in Sources */ = {isa = PBXBuildFile; fileRef = BF896AF827315F6800115A80 /* PaymentDetailViewModel.swift */; };
		BF896AFB27315F6800115A80 /* PaymentFormViewModel.swift in Sources */ = {isa = PBXBuildFile; fileRef = BF896AF927315F6800115A80 /* PaymentFormViewModel.swift */; };
		BFA5FC7627281B49004C139A /* SwiftUI_Webview.swift in Sources */ = {isa = PBXBuildFile; fileRef = BFA5FC7527281B49004C139A /* SwiftUI_Webview.swift */; };
		BFA5FC782728210F004C139A /* SwiftUI_AnimateGradient.swift in Sources */ = {isa = PBXBuildFile; fileRef = BFA5FC772728210F004C139A /* SwiftUI_AnimateGradient.swift */; };
		BFD1B3FB27291E2000EF14AA /* SwiftUI_NamespaceAnimation.swift in Sources */ = {isa = PBXBuildFile; fileRef = BFD1B3FA27291E2000EF14AA /* SwiftUI_NamespaceAnimation.swift */; };
		F706070426F9957D00AC66BC /* SwiftUI_Transition.swift in Sources */ = {isa = PBXBuildFile; fileRef = F706070326F9957D00AC66BC /* SwiftUI_Transition.swift */; };
		F706070626F9D4A300AC66BC /* SwiftUI_List.swift in Sources */ = {isa = PBXBuildFile; fileRef = F706070526F9D4A300AC66BC /* SwiftUI_List.swift */; };
		F706070826F9E29F00AC66BC /* ArticleView.swift in Sources */ = {isa = PBXBuildFile; fileRef = F706070726F9E29F00AC66BC /* ArticleView.swift */; };
		F706070A26F9E34600AC66BC /* SwiftUI_NavigationView.swift in Sources */ = {isa = PBXBuildFile; fileRef = F706070926F9E34600AC66BC /* SwiftUI_NavigationView.swift */; };
		F70966C6274A335300878A0D /* ArticleCardView.swift in Sources */ = {isa = PBXBuildFile; fileRef = F70966C5274A335300878A0D /* ArticleCardView.swift */; };
		F70966C8274A38E500878A0D /* AppStoreContentView.swift in Sources */ = {isa = PBXBuildFile; fileRef = F70966C7274A38E500878A0D /* AppStoreContentView.swift */; };
		F70966CC274A429100878A0D /* ImageCarouselContentView.swift in Sources */ = {isa = PBXBuildFile; fileRef = F70966CB274A429100878A0D /* ImageCarouselContentView.swift */; };
		F70966CE274A432700878A0D /* ICTrip.swift in Sources */ = {isa = PBXBuildFile; fileRef = F70966CD274A432700878A0D /* ICTrip.swift */; };
		F70966D0274A439F00878A0D /* ICTripCardView.swift in Sources */ = {isa = PBXBuildFile; fileRef = F70966CF274A439F00878A0D /* ICTripCardView.swift */; };
		F70966D2274A4C4900878A0D /* ICTripDetailView.swift in Sources */ = {isa = PBXBuildFile; fileRef = F70966D1274A4C4900878A0D /* ICTripDetailView.swift */; };
		F70966D52753712B00878A0D /* ExpandableListContentView.swift in Sources */ = {isa = PBXBuildFile; fileRef = F70966D42753712B00878A0D /* ExpandableListContentView.swift */; };
		F70966D72753718F00878A0D /* MenuItem.swift in Sources */ = {isa = PBXBuildFile; fileRef = F70966D62753718F00878A0D /* MenuItem.swift */; };
		F70966DA2753835B00878A0D /* LazyGrid.swift in Sources */ = {isa = PBXBuildFile; fileRef = F70966D92753835B00878A0D /* LazyGrid.swift */; };
		F7287E8726F23D17000C2DD2 /* SwiftUI_State_Binding.swift in Sources */ = {isa = PBXBuildFile; fileRef = F7287E8626F23D17000C2DD2 /* SwiftUI_State_Binding.swift */; };
		F7287E8926F75717000C2DD2 /* SwiftUI_Path_Shape.swift in Sources */ = {isa = PBXBuildFile; fileRef = F7287E8826F75717000C2DD2 /* SwiftUI_Path_Shape.swift */; };
		F7287E8B26F83F84000C2DD2 /* SwiftUI_Animation.swift in Sources */ = {isa = PBXBuildFile; fileRef = F7287E8A26F83F84000C2DD2 /* SwiftUI_Animation.swift */; };
		F72B71F2270DDCBD004CA48C /* DragState.swift in Sources */ = {isa = PBXBuildFile; fileRef = F72B71F1270DDCBD004CA48C /* DragState.swift */; };
		F72B71F4270EA53D004CA48C /* BottomSheetView.swift in Sources */ = {isa = PBXBuildFile; fileRef = F72B71F3270EA53D004CA48C /* BottomSheetView.swift */; };
		F72B71F7270EDC1F004CA48C /* Trip.swift in Sources */ = {isa = PBXBuildFile; fileRef = F72B71F6270EDC1F004CA48C /* Trip.swift */; };
		F72B71F9270EDC46004CA48C /* Tinder.swift in Sources */ = {isa = PBXBuildFile; fileRef = F72B71F8270EDC46004CA48C /* Tinder.swift */; };
		F72B71FB270EDCF8004CA48C /* TinderCardView.swift in Sources */ = {isa = PBXBuildFile; fileRef = F72B71FA270EDCF8004CA48C /* TinderCardView.swift */; };
		F72B71FF270EF7BE004CA48C /* Card.swift in Sources */ = {isa = PBXBuildFile; fileRef = F72B71FE270EF7BE004CA48C /* Card.swift */; };
		F72B7201270EF7E5004CA48C /* CardTransaction.swift in Sources */ = {isa = PBXBuildFile; fileRef = F72B7200270EF7E5004CA48C /* CardTransaction.swift */; };
		F72B7204270EF811004CA48C /* WalletContentView.swift in Sources */ = {isa = PBXBuildFile; fileRef = F72B7203270EF811004CA48C /* WalletContentView.swift */; };
		F72B7206270EF81E004CA48C /* TransactionHistoryView.swift in Sources */ = {isa = PBXBuildFile; fileRef = F72B7205270EF81E004CA48C /* TransactionHistoryView.swift */; };
		F72B7208270EF92D004CA48C /* AppleCardView.swift in Sources */ = {isa = PBXBuildFile; fileRef = F72B7207270EF92D004CA48C /* AppleCardView.swift */; };
		F72B720A270EFC3C004CA48C /* SwiftUI_zIndex.swift in Sources */ = {isa = PBXBuildFile; fileRef = F72B7209270EFC3C004CA48C /* SwiftUI_zIndex.swift */; };
		F72B720C270F08C3004CA48C /* CardDragState.swift in Sources */ = {isa = PBXBuildFile; fileRef = F72B720B270F08C3004CA48C /* CardDragState.swift */; };
		F72B720F27130139004CA48C /* Loan.swift in Sources */ = {isa = PBXBuildFile; fileRef = F72B720E27130139004CA48C /* Loan.swift */; };
		F72B7211271301F8004CA48C /* LoanStore.swift in Sources */ = {isa = PBXBuildFile; fileRef = F72B7210271301F8004CA48C /* LoanStore.swift */; };
		F72B7249271C242D004CA48C /* LoanCellView.swift in Sources */ = {isa = PBXBuildFile; fileRef = F72B7248271C242D004CA48C /* LoanCellView.swift */; };
		F72B724B271C258E004CA48C /* LoanContentView.swift in Sources */ = {isa = PBXBuildFile; fileRef = F72B724A271C258E004CA48C /* LoanContentView.swift */; };
		F72B724D271C266B004CA48C /* LoanFilterView.swift in Sources */ = {isa = PBXBuildFile; fileRef = F72B724C271C266B004CA48C /* LoanFilterView.swift */; };
		F731E15F2709BAFD0090D24C /* SwiftUI_NavigationView_article.swift in Sources */ = {isa = PBXBuildFile; fileRef = F731E15E2709BAFD0090D24C /* SwiftUI_NavigationView_article.swift */; };
		F731E1622709BB890090D24C /* Article.swift in Sources */ = {isa = PBXBuildFile; fileRef = F731E1612709BB890090D24C /* Article.swift */; };
		F731E1642709BBCF0090D24C /* ArticleDetailView.swift in Sources */ = {isa = PBXBuildFile; fileRef = F731E1632709BBCF0090D24C /* ArticleDetailView.swift */; };
		F731E166270AAE890090D24C /* SwiftUI_Modal_Alert_Float.swift in Sources */ = {isa = PBXBuildFile; fileRef = F731E165270AAE890090D24C /* SwiftUI_Modal_Alert_Float.swift */; };
		F731E168270AB4140090D24C /* SwiftUI_Modal.swift in Sources */ = {isa = PBXBuildFile; fileRef = F731E167270AB4140090D24C /* SwiftUI_Modal.swift */; };
		F731E16A270AE7B80090D24C /* SwiftUI_form.swift in Sources */ = {isa = PBXBuildFile; fileRef = F731E169270AE7B80090D24C /* SwiftUI_form.swift */; };
		F731E16C270AEACA0090D24C /* SettingView.swift in Sources */ = {isa = PBXBuildFile; fileRef = F731E16B270AEACA0090D24C /* SettingView.swift */; };
		F731E16E270AF59F0090D24C /* SettingStore.swift in Sources */ = {isa = PBXBuildFile; fileRef = F731E16D270AF59F0090D24C /* SettingStore.swift */; };
		F731E170270B33BE0090D24C /* SwiftUI_ContextMenu.swift in Sources */ = {isa = PBXBuildFile; fileRef = F731E16F270B33BE0090D24C /* SwiftUI_ContextMenu.swift */; };
		F731E172270C5BCF0090D24C /* SwiftUI_signup.swift in Sources */ = {isa = PBXBuildFile; fileRef = F731E171270C5BCF0090D24C /* SwiftUI_signup.swift */; };
		F731E174270C67250090D24C /* UserRegistrationViewModel.swift in Sources */ = {isa = PBXBuildFile; fileRef = F731E173270C67250090D24C /* UserRegistrationViewModel.swift */; };
		F731E176270DB5190090D24C /* SwiftUI_Gesture.swift in Sources */ = {isa = PBXBuildFile; fileRef = F731E175270DB5190090D24C /* SwiftUI_Gesture.swift */; };
		F731E178270DC5600090D24C /* DraggableView.swift in Sources */ = {isa = PBXBuildFile; fileRef = F731E177270DC5600090D24C /* DraggableView.swift */; };
		F731E17B270DCA8B0090D24C /* RestaurantInfo.swift in Sources */ = {isa = PBXBuildFile; fileRef = F731E17A270DCA8B0090D24C /* RestaurantInfo.swift */; };
		F731E17D270DCAB20090D24C /* SwiftUI_BottomSheet.swift in Sources */ = {isa = PBXBuildFile; fileRef = F731E17C270DCAB20090D24C /* SwiftUI_BottomSheet.swift */; };
		F731E17F270DCB400090D24C /* RestaurantInfoRow.swift in Sources */ = {isa = PBXBuildFile; fileRef = F731E17E270DCB400090D24C /* RestaurantInfoRow.swift */; };
		F731E181270DCBFC0090D24C /* RestaurantInfoDetailPageView.swift in Sources */ = {isa = PBXBuildFile; fileRef = F731E180270DCBFC0090D24C /* RestaurantInfoDetailPageView.swift */; };
		F74A450D27E3152900657E9A /* NeumorphismView.swift in Sources */ = {isa = PBXBuildFile; fileRef = F74A450C27E3152900657E9A /* NeumorphismView.swift */; };
		F74A450F27E3154900657E9A /* NeumorphismLight.swift in Sources */ = {isa = PBXBuildFile; fileRef = F74A450E27E3154900657E9A /* NeumorphismLight.swift */; };
		F74A451127E3155200657E9A /* NeumorphismDark.swift in Sources */ = {isa = PBXBuildFile; fileRef = F74A451027E3155200657E9A /* NeumorphismDark.swift */; };
		F74A451527E31ED700657E9A /* Colors.xcassets in Resources */ = {isa = PBXBuildFile; fileRef = F74A451427E31ED700657E9A /* Colors.xcassets */; };
		F751C9AE27F305D8000C89A1 /* FoodViewModel.swift in Sources */ = {isa = PBXBuildFile; fileRef = F751C9AD27F305D8000C89A1 /* FoodViewModel.swift */; };
		F7522F0527DCA11A00358D54 /* LoginPage.swift in Sources */ = {isa = PBXBuildFile; fileRef = F7522F0427DCA11A00358D54 /* LoginPage.swift */; };
		F7522F0727DCA14900358D54 /* LoginView.swift in Sources */ = {isa = PBXBuildFile; fileRef = F7522F0627DCA14900358D54 /* LoginView.swift */; };
		F7522F0927DCA15F00358D54 /* SignUPView.swift in Sources */ = {isa = PBXBuildFile; fileRef = F7522F0827DCA15F00358D54 /* SignUPView.swift */; };
		F77D020626EDAA60008234ED /* SwiftUI_ViewsApp.swift in Sources */ = {isa = PBXBuildFile; fileRef = F77D020526EDAA60008234ED /* SwiftUI_ViewsApp.swift */; };
		F77D020826EDAA60008234ED /* ContentView.swift in Sources */ = {isa = PBXBuildFile; fileRef = F77D020726EDAA60008234ED /* ContentView.swift */; };
		F77D020A26EDAA62008234ED /* Assets.xcassets in Resources */ = {isa = PBXBuildFile; fileRef = F77D020926EDAA62008234ED /* Assets.xcassets */; };
		F77D020D26EDAA62008234ED /* Preview Assets.xcassets in Resources */ = {isa = PBXBuildFile; fileRef = F77D020C26EDAA62008234ED /* Preview Assets.xcassets */; };
		F77D021526EDAAA3008234ED /* SwiftUI_Text.swift in Sources */ = {isa = PBXBuildFile; fileRef = F77D021426EDAAA3008234ED /* SwiftUI_Text.swift */; };
		F77D021726EDB74D008234ED /* SwiftUI_Images_Labels.swift in Sources */ = {isa = PBXBuildFile; fileRef = F77D021626EDB74D008234ED /* SwiftUI_Images_Labels.swift */; };
		F77D021926EE0FA1008234ED /* SwiftUI_stacks.swift in Sources */ = {isa = PBXBuildFile; fileRef = F77D021826EE0FA1008234ED /* SwiftUI_stacks.swift */; };
		F77D021B26EE1ACD008234ED /* SwiftUI_ScrollView.swift in Sources */ = {isa = PBXBuildFile; fileRef = F77D021A26EE1ACD008234ED /* SwiftUI_ScrollView.swift */; };
		F77D021D26EE24D3008234ED /* SwiftUI_Buttons_Labels_Gradient.swift in Sources */ = {isa = PBXBuildFile; fileRef = F77D021C26EE24D3008234ED /* SwiftUI_Buttons_Labels_Gradient.swift */; };
		F77F516F275389BC00186811 /* CoffePhoto.swift in Sources */ = {isa = PBXBuildFile; fileRef = F77F516E275389BC00186811 /* CoffePhoto.swift */; };
		F77F5171275389EC00186811 /* CoffePhotosView.swift in Sources */ = {isa = PBXBuildFile; fileRef = F77F5170275389EC00186811 /* CoffePhotosView.swift */; };
		F77F517327538D6D00186811 /* MultiGridView.swift in Sources */ = {isa = PBXBuildFile; fileRef = F77F517227538D6D00186811 /* MultiGridView.swift */; };
		F77F51772753948600186811 /* ProgressRingView.swift in Sources */ = {isa = PBXBuildFile; fileRef = F77F51762753948500186811 /* ProgressRingView.swift */; };
		F77F51792753958F00186811 /* Color+Ext.swift in Sources */ = {isa = PBXBuildFile; fileRef = F77F51782753958F00186811 /* Color+Ext.swift */; };
		F77F517B275399EC00186811 /* ProgressRingContent.swift in Sources */ = {isa = PBXBuildFile; fileRef = F77F517A275399EC00186811 /* ProgressRingContent.swift */; };
		F77F517D2753C44B00186811 /* SwiftUI_TextEditor.swift in Sources */ = {isa = PBXBuildFile; fileRef = F77F517C2753C44B00186811 /* SwiftUI_TextEditor.swift */; };
		F77F517F2753C6ED00186811 /* SwiftUI_GeometryEffect.swift in Sources */ = {isa = PBXBuildFile; fileRef = F77F517E2753C6ED00186811 /* SwiftUI_GeometryEffect.swift */; };
		F77F51812753D3F300186811 /* PhotoLibView.swift in Sources */ = {isa = PBXBuildFile; fileRef = F77F51802753D3F300186811 /* PhotoLibView.swift */; };
		F77F9243271C33DE00A9379B /* ToDoContentView.swift in Sources */ = {isa = PBXBuildFile; fileRef = F77F9242271C33DE00A9379B /* ToDoContentView.swift */; };
		F77F9246271C341F00A9379B /* CheckboxStyle.swift in Sources */ = {isa = PBXBuildFile; fileRef = F77F9245271C341F00A9379B /* CheckboxStyle.swift */; };
		F77F9248271C342A00A9379B /* NewToDoView.swift in Sources */ = {isa = PBXBuildFile; fileRef = F77F9247271C342A00A9379B /* NewToDoView.swift */; };
		F77F924B271C344900A9379B /* ToDoItem.swift in Sources */ = {isa = PBXBuildFile; fileRef = F77F924A271C344900A9379B /* ToDoItem.swift */; };
		F77F924D271C3AE600A9379B /* KeyboardResponder.swift in Sources */ = {isa = PBXBuildFile; fileRef = F77F924C271C3AE600A9379B /* KeyboardResponder.swift */; };
		F77F9251271C612400A9379B /* ToDoPersistence.swift in Sources */ = {isa = PBXBuildFile; fileRef = F77F9250271C612400A9379B /* ToDoPersistence.swift */; };
		F77F9254271C635E00A9379B /* ToDoList.xcdatamodeld in Sources */ = {isa = PBXBuildFile; fileRef = F77F9252271C635E00A9379B /* ToDoList.xcdatamodeld */; };
		F77F92592724269200A9379B /* SearchBar.swift in Sources */ = {isa = PBXBuildFile; fileRef = F77F92582724269200A9379B /* SearchBar.swift */; };
		F77F925B2724336600A9379B /* FilteredList.swift in Sources */ = {isa = PBXBuildFile; fileRef = F77F925A2724336600A9379B /* FilteredList.swift */; };
		F77F92722725588600A9379B /* AutoResize.swift in Sources */ = {isa = PBXBuildFile; fileRef = F77F92712725588600A9379B /* AutoResize.swift */; };
		F77F927627255E3E00A9379B /* CameraContentView.swift in Sources */ = {isa = PBXBuildFile; fileRef = F77F927527255E3E00A9379B /* CameraContentView.swift */; };
		F782BAA027256C7500EF3BA2 /* CameraView.swift in Sources */ = {isa = PBXBuildFile; fileRef = F782BA9F27256C7500EF3BA2 /* CameraView.swift */; };
		F782BAA227256CA600EF3BA2 /* CameraModel.swift in Sources */ = {isa = PBXBuildFile; fileRef = F782BAA127256CA600EF3BA2 /* CameraModel.swift */; };
		F7ABB92E27D5AC1100A28EC1 /* AppleClockView.swift in Sources */ = {isa = PBXBuildFile; fileRef = F7ABB92D27D5AC1100A28EC1 /* AppleClockView.swift */; };
		F7ABB93027D5ACDE00A28EC1 /* SpotifyNowPlayingView.swift in Sources */ = {isa = PBXBuildFile; fileRef = F7ABB92F27D5ACDE00A28EC1 /* SpotifyNowPlayingView.swift */; };
		F7BAC37527F28969000AAA8E /* StickyHeaderContentView.swift in Sources */ = {isa = PBXBuildFile; fileRef = F7BAC37427F28969000AAA8E /* StickyHeaderContentView.swift */; };
		F7BAC37727F289E6000AAA8E /* Food.swift in Sources */ = {isa = PBXBuildFile; fileRef = F7BAC37627F289E6000AAA8E /* Food.swift */; };
		F7BAC37927F28DA7000AAA8E /* FoodCardView.swift in Sources */ = {isa = PBXBuildFile; fileRef = F7BAC37827F28DA7000AAA8E /* FoodCardView.swift */; };
		F7BAC37B27F28F08000AAA8E /* FoodHeaderView.swift in Sources */ = {isa = PBXBuildFile; fileRef = F7BAC37A27F28F08000AAA8E /* FoodHeaderView.swift */; };
		F7BAC37D27F2A5B2000AAA8E /* FoodTab.swift in Sources */ = {isa = PBXBuildFile; fileRef = F7BAC37C27F2A5B1000AAA8E /* FoodTab.swift */; };
		F7C197D62741183A00C7DF2A /* AppStoreArticle.swift in Sources */ = {isa = PBXBuildFile; fileRef = F7C197D52741183A00C7DF2A /* AppStoreArticle.swift */; };
		F7C197D82741198C00C7DF2A /* ArticleExcerptView.swift in Sources */ = {isa = PBXBuildFile; fileRef = F7C197D72741198C00C7DF2A /* ArticleExcerptView.swift */; };
/* End PBXBuildFile section */

/* Begin PBXFileReference section */
		BF800C6927292C3000E13BB1 /* SwiftUI_AnimatedNaviMenu.swift */ = {isa = PBXFileReference; lastKnownFileType = sourcecode.swift; path = SwiftUI_AnimatedNaviMenu.swift; sourceTree = "<group>"; };
		BF800C6B272933DB00E13BB1 /* SwiftUI_AsyncImage.swift */ = {isa = PBXFileReference; lastKnownFileType = sourcecode.swift; path = SwiftUI_AsyncImage.swift; sourceTree = "<group>"; };
		BF896AD227314C8A00115A80 /* ToDoSearchBar.swift */ = {isa = PBXFileReference; lastKnownFileType = sourcecode.swift; path = ToDoSearchBar.swift; sourceTree = "<group>"; };
		BF896AD627315E9A00115A80 /* PFinanceStore.xcdatamodel */ = {isa = PBXFileReference; lastKnownFileType = wrapper.xcdatamodel; path = PFinanceStore.xcdatamodel; sourceTree = "<group>"; };
		BF896AE027315EE000115A80 /* Date+Ext.swift */ = {isa = PBXFileReference; lastKnownFileType = sourcecode.swift; path = "Date+Ext.swift"; sourceTree = "<group>"; };
		BF896AE127315EE000115A80 /* NumberFormatter+Ext.swift */ = {isa = PBXFileReference; lastKnownFileType = sourcecode.swift; path = "NumberFormatter+Ext.swift"; sourceTree = "<group>"; };
		BF896AE527315F0600115A80 /* PaymentActivity.swift */ = {isa = PBXFileReference; lastKnownFileType = sourcecode.swift; path = PaymentActivity.swift; sourceTree = "<group>"; };
		BF896AE627315F0600115A80 /* PFPersistence.swift */ = {isa = PBXFileReference; lastKnownFileType = sourcecode.swift; path = PFPersistence.swift; sourceTree = "<group>"; };
		BF896AEA27315F2A00115A80 /* DashboardView.swift */ = {isa = PBXFileReference; lastKnownFileType = sourcecode.swift; path = DashboardView.swift; sourceTree = "<group>"; };
		BF896AEB27315F2A00115A80 /* PaymentDetailView.swift */ = {isa = PBXFileReference; lastKnownFileType = sourcecode.swift; path = PaymentDetailView.swift; sourceTree = "<group>"; };
		BF896AEC27315F2A00115A80 /* PFBlankView.swift */ = {isa = PBXFileReference; lastKnownFileType = sourcecode.swift; path = PFBlankView.swift; sourceTree = "<group>"; };
		BF896AED27315F2A00115A80 /* BottomSheet.swift */ = {isa = PBXFileReference; lastKnownFileType = sourcecode.swift; path = BottomSheet.swift; sourceTree = "<group>"; };
		BF896AEE27315F2A00115A80 /* PaymentFormView.swift */ = {isa = PBXFileReference; lastKnownFileType = sourcecode.swift; path = PaymentFormView.swift; sourceTree = "<group>"; };
		BF896AEF27315F2A00115A80 /* KeyboardAdaptive.swift */ = {isa = PBXFileReference; lastKnownFileType = sourcecode.swift; path = KeyboardAdaptive.swift; sourceTree = "<group>"; };
		BF896AF827315F6800115A80 /* PaymentDetailViewModel.swift */ = {isa = PBXFileReference; lastKnownFileType = sourcecode.swift; path = PaymentDetailViewModel.swift; sourceTree = "<group>"; };
		BF896AF927315F6800115A80 /* PaymentFormViewModel.swift */ = {isa = PBXFileReference; lastKnownFileType = sourcecode.swift; path = PaymentFormViewModel.swift; sourceTree = "<group>"; };
		BFA5FC7527281B49004C139A /* SwiftUI_Webview.swift */ = {isa = PBXFileReference; lastKnownFileType = sourcecode.swift; path = SwiftUI_Webview.swift; sourceTree = "<group>"; };
		BFA5FC772728210F004C139A /* SwiftUI_AnimateGradient.swift */ = {isa = PBXFileReference; lastKnownFileType = sourcecode.swift; path = SwiftUI_AnimateGradient.swift; sourceTree = "<group>"; };
		BFD1B3FA27291E2000EF14AA /* SwiftUI_NamespaceAnimation.swift */ = {isa = PBXFileReference; lastKnownFileType = sourcecode.swift; path = SwiftUI_NamespaceAnimation.swift; sourceTree = "<group>"; };
		F706070326F9957D00AC66BC /* SwiftUI_Transition.swift */ = {isa = PBXFileReference; lastKnownFileType = sourcecode.swift; path = SwiftUI_Transition.swift; sourceTree = "<group>"; };
		F706070526F9D4A300AC66BC /* SwiftUI_List.swift */ = {isa = PBXFileReference; lastKnownFileType = sourcecode.swift; path = SwiftUI_List.swift; sourceTree = "<group>"; };
		F706070726F9E29F00AC66BC /* ArticleView.swift */ = {isa = PBXFileReference; lastKnownFileType = sourcecode.swift; path = ArticleView.swift; sourceTree = "<group>"; };
		F706070926F9E34600AC66BC /* SwiftUI_NavigationView.swift */ = {isa = PBXFileReference; lastKnownFileType = sourcecode.swift; path = SwiftUI_NavigationView.swift; sourceTree = "<group>"; };
		F70966C5274A335300878A0D /* ArticleCardView.swift */ = {isa = PBXFileReference; lastKnownFileType = sourcecode.swift; path = ArticleCardView.swift; sourceTree = "<group>"; };
		F70966C7274A38E500878A0D /* AppStoreContentView.swift */ = {isa = PBXFileReference; lastKnownFileType = sourcecode.swift; path = AppStoreContentView.swift; sourceTree = "<group>"; };
		F70966CB274A429100878A0D /* ImageCarouselContentView.swift */ = {isa = PBXFileReference; lastKnownFileType = sourcecode.swift; path = ImageCarouselContentView.swift; sourceTree = "<group>"; };
		F70966CD274A432700878A0D /* ICTrip.swift */ = {isa = PBXFileReference; lastKnownFileType = sourcecode.swift; path = ICTrip.swift; sourceTree = "<group>"; };
		F70966CF274A439F00878A0D /* ICTripCardView.swift */ = {isa = PBXFileReference; lastKnownFileType = sourcecode.swift; path = ICTripCardView.swift; sourceTree = "<group>"; };
		F70966D1274A4C4900878A0D /* ICTripDetailView.swift */ = {isa = PBXFileReference; lastKnownFileType = sourcecode.swift; path = ICTripDetailView.swift; sourceTree = "<group>"; };
		F70966D42753712B00878A0D /* ExpandableListContentView.swift */ = {isa = PBXFileReference; lastKnownFileType = sourcecode.swift; path = ExpandableListContentView.swift; sourceTree = "<group>"; };
		F70966D62753718F00878A0D /* MenuItem.swift */ = {isa = PBXFileReference; lastKnownFileType = sourcecode.swift; path = MenuItem.swift; sourceTree = "<group>"; };
		F70966D92753835B00878A0D /* LazyGrid.swift */ = {isa = PBXFileReference; lastKnownFileType = sourcecode.swift; path = LazyGrid.swift; sourceTree = "<group>"; };
		F7287E8626F23D17000C2DD2 /* SwiftUI_State_Binding.swift */ = {isa = PBXFileReference; lastKnownFileType = sourcecode.swift; path = SwiftUI_State_Binding.swift; sourceTree = "<group>"; };
		F7287E8826F75717000C2DD2 /* SwiftUI_Path_Shape.swift */ = {isa = PBXFileReference; lastKnownFileType = sourcecode.swift; path = SwiftUI_Path_Shape.swift; sourceTree = "<group>"; };
		F7287E8A26F83F84000C2DD2 /* SwiftUI_Animation.swift */ = {isa = PBXFileReference; lastKnownFileType = sourcecode.swift; path = SwiftUI_Animation.swift; sourceTree = "<group>"; };
		F72B71F1270DDCBD004CA48C /* DragState.swift */ = {isa = PBXFileReference; lastKnownFileType = sourcecode.swift; path = DragState.swift; sourceTree = "<group>"; };
		F72B71F3270EA53D004CA48C /* BottomSheetView.swift */ = {isa = PBXFileReference; lastKnownFileType = sourcecode.swift; path = BottomSheetView.swift; sourceTree = "<group>"; };
		F72B71F6270EDC1F004CA48C /* Trip.swift */ = {isa = PBXFileReference; lastKnownFileType = sourcecode.swift; path = Trip.swift; sourceTree = "<group>"; };
		F72B71F8270EDC46004CA48C /* Tinder.swift */ = {isa = PBXFileReference; lastKnownFileType = sourcecode.swift; path = Tinder.swift; sourceTree = "<group>"; };
		F72B71FA270EDCF8004CA48C /* TinderCardView.swift */ = {isa = PBXFileReference; lastKnownFileType = sourcecode.swift; path = TinderCardView.swift; sourceTree = "<group>"; };
		F72B71FE270EF7BE004CA48C /* Card.swift */ = {isa = PBXFileReference; lastKnownFileType = sourcecode.swift; path = Card.swift; sourceTree = "<group>"; };
		F72B7200270EF7E5004CA48C /* CardTransaction.swift */ = {isa = PBXFileReference; lastKnownFileType = sourcecode.swift; path = CardTransaction.swift; sourceTree = "<group>"; };
		F72B7203270EF811004CA48C /* WalletContentView.swift */ = {isa = PBXFileReference; lastKnownFileType = sourcecode.swift; path = WalletContentView.swift; sourceTree = "<group>"; };
		F72B7205270EF81E004CA48C /* TransactionHistoryView.swift */ = {isa = PBXFileReference; lastKnownFileType = sourcecode.swift; path = TransactionHistoryView.swift; sourceTree = "<group>"; };
		F72B7207270EF92D004CA48C /* AppleCardView.swift */ = {isa = PBXFileReference; lastKnownFileType = sourcecode.swift; path = AppleCardView.swift; sourceTree = "<group>"; };
		F72B7209270EFC3C004CA48C /* SwiftUI_zIndex.swift */ = {isa = PBXFileReference; lastKnownFileType = sourcecode.swift; path = SwiftUI_zIndex.swift; sourceTree = "<group>"; };
		F72B720B270F08C3004CA48C /* CardDragState.swift */ = {isa = PBXFileReference; lastKnownFileType = sourcecode.swift; path = CardDragState.swift; sourceTree = "<group>"; };
		F72B720E27130139004CA48C /* Loan.swift */ = {isa = PBXFileReference; lastKnownFileType = sourcecode.swift; path = Loan.swift; sourceTree = "<group>"; };
		F72B7210271301F8004CA48C /* LoanStore.swift */ = {isa = PBXFileReference; lastKnownFileType = sourcecode.swift; path = LoanStore.swift; sourceTree = "<group>"; };
		F72B7248271C242D004CA48C /* LoanCellView.swift */ = {isa = PBXFileReference; lastKnownFileType = sourcecode.swift; path = LoanCellView.swift; sourceTree = "<group>"; };
		F72B724A271C258E004CA48C /* LoanContentView.swift */ = {isa = PBXFileReference; lastKnownFileType = sourcecode.swift; path = LoanContentView.swift; sourceTree = "<group>"; };
		F72B724C271C266B004CA48C /* LoanFilterView.swift */ = {isa = PBXFileReference; lastKnownFileType = sourcecode.swift; path = LoanFilterView.swift; sourceTree = "<group>"; };
		F731E15E2709BAFD0090D24C /* SwiftUI_NavigationView_article.swift */ = {isa = PBXFileReference; lastKnownFileType = sourcecode.swift; path = SwiftUI_NavigationView_article.swift; sourceTree = "<group>"; };
		F731E1612709BB890090D24C /* Article.swift */ = {isa = PBXFileReference; lastKnownFileType = sourcecode.swift; path = Article.swift; sourceTree = "<group>"; };
		F731E1632709BBCF0090D24C /* ArticleDetailView.swift */ = {isa = PBXFileReference; lastKnownFileType = sourcecode.swift; path = ArticleDetailView.swift; sourceTree = "<group>"; };
		F731E165270AAE890090D24C /* SwiftUI_Modal_Alert_Float.swift */ = {isa = PBXFileReference; lastKnownFileType = sourcecode.swift; path = SwiftUI_Modal_Alert_Float.swift; sourceTree = "<group>"; };
		F731E167270AB4140090D24C /* SwiftUI_Modal.swift */ = {isa = PBXFileReference; lastKnownFileType = sourcecode.swift; path = SwiftUI_Modal.swift; sourceTree = "<group>"; };
		F731E169270AE7B80090D24C /* SwiftUI_form.swift */ = {isa = PBXFileReference; lastKnownFileType = sourcecode.swift; path = SwiftUI_form.swift; sourceTree = "<group>"; };
		F731E16B270AEACA0090D24C /* SettingView.swift */ = {isa = PBXFileReference; lastKnownFileType = sourcecode.swift; path = SettingView.swift; sourceTree = "<group>"; };
		F731E16D270AF59F0090D24C /* SettingStore.swift */ = {isa = PBXFileReference; lastKnownFileType = sourcecode.swift; path = SettingStore.swift; sourceTree = "<group>"; };
		F731E16F270B33BE0090D24C /* SwiftUI_ContextMenu.swift */ = {isa = PBXFileReference; lastKnownFileType = sourcecode.swift; path = SwiftUI_ContextMenu.swift; sourceTree = "<group>"; };
		F731E171270C5BCF0090D24C /* SwiftUI_signup.swift */ = {isa = PBXFileReference; lastKnownFileType = sourcecode.swift; path = SwiftUI_signup.swift; sourceTree = "<group>"; };
		F731E173270C67250090D24C /* UserRegistrationViewModel.swift */ = {isa = PBXFileReference; lastKnownFileType = sourcecode.swift; path = UserRegistrationViewModel.swift; sourceTree = "<group>"; };
		F731E175270DB5190090D24C /* SwiftUI_Gesture.swift */ = {isa = PBXFileReference; lastKnownFileType = sourcecode.swift; path = SwiftUI_Gesture.swift; sourceTree = "<group>"; };
		F731E177270DC5600090D24C /* DraggableView.swift */ = {isa = PBXFileReference; lastKnownFileType = sourcecode.swift; path = DraggableView.swift; sourceTree = "<group>"; };
		F731E17A270DCA8B0090D24C /* RestaurantInfo.swift */ = {isa = PBXFileReference; lastKnownFileType = sourcecode.swift; path = RestaurantInfo.swift; sourceTree = "<group>"; };
		F731E17C270DCAB20090D24C /* SwiftUI_BottomSheet.swift */ = {isa = PBXFileReference; lastKnownFileType = sourcecode.swift; path = SwiftUI_BottomSheet.swift; sourceTree = "<group>"; };
		F731E17E270DCB400090D24C /* RestaurantInfoRow.swift */ = {isa = PBXFileReference; lastKnownFileType = sourcecode.swift; path = RestaurantInfoRow.swift; sourceTree = "<group>"; };
		F731E180270DCBFC0090D24C /* RestaurantInfoDetailPageView.swift */ = {isa = PBXFileReference; lastKnownFileType = sourcecode.swift; path = RestaurantInfoDetailPageView.swift; sourceTree = "<group>"; };
		F74A450C27E3152900657E9A /* NeumorphismView.swift */ = {isa = PBXFileReference; lastKnownFileType = sourcecode.swift; path = NeumorphismView.swift; sourceTree = "<group>"; };
		F74A450E27E3154900657E9A /* NeumorphismLight.swift */ = {isa = PBXFileReference; lastKnownFileType = sourcecode.swift; path = NeumorphismLight.swift; sourceTree = "<group>"; };
		F74A451027E3155200657E9A /* NeumorphismDark.swift */ = {isa = PBXFileReference; lastKnownFileType = sourcecode.swift; path = NeumorphismDark.swift; sourceTree = "<group>"; };
		F74A451427E31ED700657E9A /* Colors.xcassets */ = {isa = PBXFileReference; lastKnownFileType = folder.assetcatalog; path = Colors.xcassets; sourceTree = "<group>"; };
		F751C9AD27F305D8000C89A1 /* FoodViewModel.swift */ = {isa = PBXFileReference; lastKnownFileType = sourcecode.swift; path = FoodViewModel.swift; sourceTree = "<group>"; };
		F7522F0427DCA11A00358D54 /* LoginPage.swift */ = {isa = PBXFileReference; lastKnownFileType = sourcecode.swift; path = LoginPage.swift; sourceTree = "<group>"; };
		F7522F0627DCA14900358D54 /* LoginView.swift */ = {isa = PBXFileReference; lastKnownFileType = sourcecode.swift; path = LoginView.swift; sourceTree = "<group>"; };
		F7522F0827DCA15F00358D54 /* SignUPView.swift */ = {isa = PBXFileReference; lastKnownFileType = sourcecode.swift; path = SignUPView.swift; sourceTree = "<group>"; };
		F77D020226EDAA60008234ED /* SwiftUI-Views.app */ = {isa = PBXFileReference; explicitFileType = wrapper.application; includeInIndex = 0; path = "SwiftUI-Views.app"; sourceTree = BUILT_PRODUCTS_DIR; };
		F77D020526EDAA60008234ED /* SwiftUI_ViewsApp.swift */ = {isa = PBXFileReference; lastKnownFileType = sourcecode.swift; path = SwiftUI_ViewsApp.swift; sourceTree = "<group>"; };
		F77D020726EDAA60008234ED /* ContentView.swift */ = {isa = PBXFileReference; lastKnownFileType = sourcecode.swift; path = ContentView.swift; sourceTree = "<group>"; };
		F77D020926EDAA62008234ED /* Assets.xcassets */ = {isa = PBXFileReference; lastKnownFileType = folder.assetcatalog; path = Assets.xcassets; sourceTree = "<group>"; };
		F77D020C26EDAA62008234ED /* Preview Assets.xcassets */ = {isa = PBXFileReference; lastKnownFileType = folder.assetcatalog; path = "Preview Assets.xcassets"; sourceTree = "<group>"; };
		F77D020E26EDAA62008234ED /* Info.plist */ = {isa = PBXFileReference; lastKnownFileType = text.plist.xml; path = Info.plist; sourceTree = "<group>"; };
		F77D021426EDAAA3008234ED /* SwiftUI_Text.swift */ = {isa = PBXFileReference; lastKnownFileType = sourcecode.swift; path = SwiftUI_Text.swift; sourceTree = "<group>"; };
		F77D021626EDB74D008234ED /* SwiftUI_Images_Labels.swift */ = {isa = PBXFileReference; lastKnownFileType = sourcecode.swift; path = SwiftUI_Images_Labels.swift; sourceTree = "<group>"; };
		F77D021826EE0FA1008234ED /* SwiftUI_stacks.swift */ = {isa = PBXFileReference; lastKnownFileType = sourcecode.swift; path = SwiftUI_stacks.swift; sourceTree = "<group>"; };
		F77D021A26EE1ACD008234ED /* SwiftUI_ScrollView.swift */ = {isa = PBXFileReference; lastKnownFileType = sourcecode.swift; path = SwiftUI_ScrollView.swift; sourceTree = "<group>"; };
		F77D021C26EE24D3008234ED /* SwiftUI_Buttons_Labels_Gradient.swift */ = {isa = PBXFileReference; lastKnownFileType = sourcecode.swift; path = SwiftUI_Buttons_Labels_Gradient.swift; sourceTree = "<group>"; };
		F77F516E275389BC00186811 /* CoffePhoto.swift */ = {isa = PBXFileReference; lastKnownFileType = sourcecode.swift; path = CoffePhoto.swift; sourceTree = "<group>"; };
		F77F5170275389EC00186811 /* CoffePhotosView.swift */ = {isa = PBXFileReference; lastKnownFileType = sourcecode.swift; path = CoffePhotosView.swift; sourceTree = "<group>"; };
		F77F517227538D6D00186811 /* MultiGridView.swift */ = {isa = PBXFileReference; lastKnownFileType = sourcecode.swift; path = MultiGridView.swift; sourceTree = "<group>"; };
		F77F51762753948500186811 /* ProgressRingView.swift */ = {isa = PBXFileReference; lastKnownFileType = sourcecode.swift; path = ProgressRingView.swift; sourceTree = "<group>"; };
		F77F51782753958F00186811 /* Color+Ext.swift */ = {isa = PBXFileReference; lastKnownFileType = sourcecode.swift; path = "Color+Ext.swift"; sourceTree = "<group>"; };
		F77F517A275399EC00186811 /* ProgressRingContent.swift */ = {isa = PBXFileReference; lastKnownFileType = sourcecode.swift; path = ProgressRingContent.swift; sourceTree = "<group>"; };
		F77F517C2753C44B00186811 /* SwiftUI_TextEditor.swift */ = {isa = PBXFileReference; lastKnownFileType = sourcecode.swift; path = SwiftUI_TextEditor.swift; sourceTree = "<group>"; };
		F77F517E2753C6ED00186811 /* SwiftUI_GeometryEffect.swift */ = {isa = PBXFileReference; lastKnownFileType = sourcecode.swift; path = SwiftUI_GeometryEffect.swift; sourceTree = "<group>"; };
		F77F51802753D3F300186811 /* PhotoLibView.swift */ = {isa = PBXFileReference; lastKnownFileType = sourcecode.swift; path = PhotoLibView.swift; sourceTree = "<group>"; };
		F77F9242271C33DE00A9379B /* ToDoContentView.swift */ = {isa = PBXFileReference; lastKnownFileType = sourcecode.swift; path = ToDoContentView.swift; sourceTree = "<group>"; };
		F77F9245271C341F00A9379B /* CheckboxStyle.swift */ = {isa = PBXFileReference; lastKnownFileType = sourcecode.swift; path = CheckboxStyle.swift; sourceTree = "<group>"; };
		F77F9247271C342A00A9379B /* NewToDoView.swift */ = {isa = PBXFileReference; lastKnownFileType = sourcecode.swift; path = NewToDoView.swift; sourceTree = "<group>"; };
		F77F924A271C344900A9379B /* ToDoItem.swift */ = {isa = PBXFileReference; lastKnownFileType = sourcecode.swift; path = ToDoItem.swift; sourceTree = "<group>"; };
		F77F924C271C3AE600A9379B /* KeyboardResponder.swift */ = {isa = PBXFileReference; lastKnownFileType = sourcecode.swift; path = KeyboardResponder.swift; sourceTree = "<group>"; };
		F77F9250271C612400A9379B /* ToDoPersistence.swift */ = {isa = PBXFileReference; lastKnownFileType = sourcecode.swift; path = ToDoPersistence.swift; sourceTree = "<group>"; };
		F77F9253271C635E00A9379B /* ToDoList.xcdatamodel */ = {isa = PBXFileReference; lastKnownFileType = wrapper.xcdatamodel; path = ToDoList.xcdatamodel; sourceTree = "<group>"; };
		F77F92582724269200A9379B /* SearchBar.swift */ = {isa = PBXFileReference; lastKnownFileType = sourcecode.swift; path = SearchBar.swift; sourceTree = "<group>"; };
		F77F925A2724336600A9379B /* FilteredList.swift */ = {isa = PBXFileReference; lastKnownFileType = sourcecode.swift; path = FilteredList.swift; sourceTree = "<group>"; };
		F77F92712725588600A9379B /* AutoResize.swift */ = {isa = PBXFileReference; lastKnownFileType = sourcecode.swift; path = AutoResize.swift; sourceTree = "<group>"; };
		F77F927527255E3E00A9379B /* CameraContentView.swift */ = {isa = PBXFileReference; lastKnownFileType = sourcecode.swift; path = CameraContentView.swift; sourceTree = "<group>"; };
		F782BA9F27256C7500EF3BA2 /* CameraView.swift */ = {isa = PBXFileReference; lastKnownFileType = sourcecode.swift; path = CameraView.swift; sourceTree = "<group>"; };
		F782BAA127256CA600EF3BA2 /* CameraModel.swift */ = {isa = PBXFileReference; lastKnownFileType = sourcecode.swift; path = CameraModel.swift; sourceTree = "<group>"; };
		F7ABB92D27D5AC1100A28EC1 /* AppleClockView.swift */ = {isa = PBXFileReference; lastKnownFileType = sourcecode.swift; path = AppleClockView.swift; sourceTree = "<group>"; };
		F7ABB92F27D5ACDE00A28EC1 /* SpotifyNowPlayingView.swift */ = {isa = PBXFileReference; lastKnownFileType = sourcecode.swift; path = SpotifyNowPlayingView.swift; sourceTree = "<group>"; };
		F7BAC37427F28969000AAA8E /* StickyHeaderContentView.swift */ = {isa = PBXFileReference; lastKnownFileType = sourcecode.swift; path = StickyHeaderContentView.swift; sourceTree = "<group>"; };
		F7BAC37627F289E6000AAA8E /* Food.swift */ = {isa = PBXFileReference; lastKnownFileType = sourcecode.swift; path = Food.swift; sourceTree = "<group>"; };
		F7BAC37827F28DA7000AAA8E /* FoodCardView.swift */ = {isa = PBXFileReference; lastKnownFileType = sourcecode.swift; path = FoodCardView.swift; sourceTree = "<group>"; };
		F7BAC37A27F28F08000AAA8E /* FoodHeaderView.swift */ = {isa = PBXFileReference; lastKnownFileType = sourcecode.swift; path = FoodHeaderView.swift; sourceTree = "<group>"; };
		F7BAC37C27F2A5B1000AAA8E /* FoodTab.swift */ = {isa = PBXFileReference; lastKnownFileType = sourcecode.swift; path = FoodTab.swift; sourceTree = "<group>"; };
		F7C197D52741183A00C7DF2A /* AppStoreArticle.swift */ = {isa = PBXFileReference; lastKnownFileType = sourcecode.swift; path = AppStoreArticle.swift; sourceTree = "<group>"; };
		F7C197D72741198C00C7DF2A /* ArticleExcerptView.swift */ = {isa = PBXFileReference; lastKnownFileType = sourcecode.swift; path = ArticleExcerptView.swift; sourceTree = "<group>"; };
/* End PBXFileReference section */

/* Begin PBXFrameworksBuildPhase section */
		F77D01FF26EDAA60008234ED /* Frameworks */ = {
			isa = PBXFrameworksBuildPhase;
			buildActionMask = 2147483647;
			files = (
			);
			runOnlyForDeploymentPostprocessing = 0;
		};
/* End PBXFrameworksBuildPhase section */

/* Begin PBXGroup section */
		BF896AD4273152D900115A80 /* FinanceApp */ = {
			isa = PBXGroup;
			children = (
				BF896AFC27315F7200115A80 /* ViewModel */,
				BF896AF727315F5100115A80 /* View */,
				BF896AE427315EE900115A80 /* Extension */,
				BF896AE927315F0F00115A80 /* Model */,
				BF896AD527315E9A00115A80 /* PFinanceStore.xcdatamodeld */,
			);
			path = FinanceApp;
			sourceTree = "<group>";
		};
		BF896AE427315EE900115A80 /* Extension */ = {
			isa = PBXGroup;
			children = (
				BF896AE027315EE000115A80 /* Date+Ext.swift */,
				BF896AE127315EE000115A80 /* NumberFormatter+Ext.swift */,
			);
			path = Extension;
			sourceTree = "<group>";
		};
		BF896AE927315F0F00115A80 /* Model */ = {
			isa = PBXGroup;
			children = (
				BF896AE527315F0600115A80 /* PaymentActivity.swift */,
				BF896AE627315F0600115A80 /* PFPersistence.swift */,
			);
			path = Model;
			sourceTree = "<group>";
		};
		BF896AF727315F5100115A80 /* View */ = {
			isa = PBXGroup;
			children = (
				BF896AEC27315F2A00115A80 /* PFBlankView.swift */,
				BF896AED27315F2A00115A80 /* BottomSheet.swift */,
				BF896AEA27315F2A00115A80 /* DashboardView.swift */,
				BF896AEF27315F2A00115A80 /* KeyboardAdaptive.swift */,
				BF896AEB27315F2A00115A80 /* PaymentDetailView.swift */,
				BF896AEE27315F2A00115A80 /* PaymentFormView.swift */,
			);
			path = View;
			sourceTree = "<group>";
		};
		BF896AFC27315F7200115A80 /* ViewModel */ = {
			isa = PBXGroup;
			children = (
				BF896AF827315F6800115A80 /* PaymentDetailViewModel.swift */,
				BF896AF927315F6800115A80 /* PaymentFormViewModel.swift */,
			);
			path = ViewModel;
			sourceTree = "<group>";
		};
		F70966CA274A427A00878A0D /* ImageCarousel */ = {
			isa = PBXGroup;
			children = (
				F70966CB274A429100878A0D /* ImageCarouselContentView.swift */,
				F70966CD274A432700878A0D /* ICTrip.swift */,
				F70966CF274A439F00878A0D /* ICTripCardView.swift */,
				F70966D1274A4C4900878A0D /* ICTripDetailView.swift */,
			);
			path = ImageCarousel;
			sourceTree = "<group>";
		};
		F70966D32753711800878A0D /* ExpandableList */ = {
			isa = PBXGroup;
			children = (
				F70966D42753712B00878A0D /* ExpandableListContentView.swift */,
				F70966D62753718F00878A0D /* MenuItem.swift */,
			);
			path = ExpandableList;
			sourceTree = "<group>";
		};
		F70966D82753833300878A0D /* LazyGrid */ = {
			isa = PBXGroup;
			children = (
				F70966D92753835B00878A0D /* LazyGrid.swift */,
				F77F516D275389A000186811 /* CoffeeShop */,
			);
			path = LazyGrid;
			sourceTree = "<group>";
		};
		F72B71F5270EAA21004CA48C /* Tinder-like */ = {
			isa = PBXGroup;
			children = (
				F72B71F6270EDC1F004CA48C /* Trip.swift */,
				F72B71F8270EDC46004CA48C /* Tinder.swift */,
				F72B71FA270EDCF8004CA48C /* TinderCardView.swift */,
				F72B7209270EFC3C004CA48C /* SwiftUI_zIndex.swift */,
			);
			path = "Tinder-like";
			sourceTree = "<group>";
		};
		F72B71FC270EF789004CA48C /* Apple-Wallet */ = {
			isa = PBXGroup;
			children = (
				F72B7202270EF7F5004CA48C /* View */,
				F72B71FD270EF7A4004CA48C /* Model */,
			);
			path = "Apple-Wallet";
			sourceTree = "<group>";
		};
		F72B71FD270EF7A4004CA48C /* Model */ = {
			isa = PBXGroup;
			children = (
				F72B71FE270EF7BE004CA48C /* Card.swift */,
				F72B7200270EF7E5004CA48C /* CardTransaction.swift */,
				F72B720B270F08C3004CA48C /* CardDragState.swift */,
			);
			path = Model;
			sourceTree = "<group>";
		};
		F72B7202270EF7F5004CA48C /* View */ = {
			isa = PBXGroup;
			children = (
				F72B7203270EF811004CA48C /* WalletContentView.swift */,
				F72B7205270EF81E004CA48C /* TransactionHistoryView.swift */,
				F72B7207270EF92D004CA48C /* AppleCardView.swift */,
			);
			path = View;
			sourceTree = "<group>";
		};
		F72B720D27130128004CA48C /* KivaLoan */ = {
			isa = PBXGroup;
			children = (
				F77F921F271C2EAA00A9379B /* model */,
				F77F9220271C2EB900A9379B /* ViewModel */,
				F77F9221271C2ECE00A9379B /* Views */,
			);
			path = KivaLoan;
			sourceTree = "<group>";
		};
		F731E1602709BB710090D24C /* Article */ = {
			isa = PBXGroup;
			children = (
				F706070726F9E29F00AC66BC /* ArticleView.swift */,
				F731E1612709BB890090D24C /* Article.swift */,
				F731E1632709BBCF0090D24C /* ArticleDetailView.swift */,
			);
			path = Article;
			sourceTree = "<group>";
		};
		F731E179270DC8A20090D24C /* Gesture */ = {
			isa = PBXGroup;
			children = (
				F731E175270DB5190090D24C /* SwiftUI_Gesture.swift */,
				F72B71F1270DDCBD004CA48C /* DragState.swift */,
				F731E177270DC5600090D24C /* DraggableView.swift */,
				F731E17A270DCA8B0090D24C /* RestaurantInfo.swift */,
				F731E17C270DCAB20090D24C /* SwiftUI_BottomSheet.swift */,
				F731E17E270DCB400090D24C /* RestaurantInfoRow.swift */,
				F731E180270DCBFC0090D24C /* RestaurantInfoDetailPageView.swift */,
				F72B71F3270EA53D004CA48C /* BottomSheetView.swift */,
			);
			path = Gesture;
			sourceTree = "<group>";
		};
		F74A450B27E3150C00657E9A /* Neumorphism */ = {
			isa = PBXGroup;
			children = (
				F74A450C27E3152900657E9A /* NeumorphismView.swift */,
				F74A450E27E3154900657E9A /* NeumorphismLight.swift */,
				F74A451027E3155200657E9A /* NeumorphismDark.swift */,
			);
			path = Neumorphism;
			sourceTree = "<group>";
		};
		F7522F0327DCA10700358D54 /* LoginPage */ = {
			isa = PBXGroup;
			children = (
				F7522F0427DCA11A00358D54 /* LoginPage.swift */,
				F7522F0627DCA14900358D54 /* LoginView.swift */,
				F7522F0827DCA15F00358D54 /* SignUPView.swift */,
			);
			path = LoginPage;
			sourceTree = "<group>";
		};
		F77D01F926EDAA60008234ED = {
			isa = PBXGroup;
			children = (
				F77D020426EDAA60008234ED /* SwiftUI-Views */,
				F77D020326EDAA60008234ED /* Products */,
			);
			sourceTree = "<group>";
		};
		F77D020326EDAA60008234ED /* Products */ = {
			isa = PBXGroup;
			children = (
				F77D020226EDAA60008234ED /* SwiftUI-Views.app */,
			);
			name = Products;
			sourceTree = "<group>";
		};
		F77D020426EDAA60008234ED /* SwiftUI-Views */ = {
			isa = PBXGroup;
			children = (
				F77D020526EDAA60008234ED /* SwiftUI_ViewsApp.swift */,
				F77D020726EDAA60008234ED /* ContentView.swift */,
				F77F51752753946500186811 /* BasicView */,
				F74A450B27E3150C00657E9A /* Neumorphism */,
				F7522F0327DCA10700358D54 /* LoginPage */,
				F77F927327255DBF00A9379B /* handleKeyboard */,
				F731E179270DC8A20090D24C /* Gesture */,
				F7ABB92C27D5ABB300A28EC1 /* AppleClockView */,
				F731E1602709BB710090D24C /* Article */,
				F72B71F5270EAA21004CA48C /* Tinder-like */,
				F72B71FC270EF789004CA48C /* Apple-Wallet */,
				F72B720D27130128004CA48C /* KivaLoan */,
				F77F9241271C33C500A9379B /* ToDoApp */,
				F77F927427255DE600A9379B /* Camera */,
				BF896AD4273152D900115A80 /* FinanceApp */,
				F7C197D3274117BA00C7DF2A /* FakeAPPStore */,
				F70966CA274A427A00878A0D /* ImageCarousel */,
				F70966D32753711800878A0D /* ExpandableList */,
				F70966D82753833300878A0D /* LazyGrid */,
				F77F51742753944E00186811 /* ProgressRing */,
				F7BAC37027F28909000AAA8E /* StickyHeader */,
				F77D020E26EDAA62008234ED /* Info.plist */,
				F74A451427E31ED700657E9A /* Colors.xcassets */,
				F77D020926EDAA62008234ED /* Assets.xcassets */,
				F77D020B26EDAA62008234ED /* Preview Content */,
			);
			path = "SwiftUI-Views";
			sourceTree = "<group>";
		};
		F77D020B26EDAA62008234ED /* Preview Content */ = {
			isa = PBXGroup;
			children = (
				F77D020C26EDAA62008234ED /* Preview Assets.xcassets */,
			);
			path = "Preview Content";
			sourceTree = "<group>";
		};
		F77F516D275389A000186811 /* CoffeeShop */ = {
			isa = PBXGroup;
			children = (
				F77F516E275389BC00186811 /* CoffePhoto.swift */,
				F77F5170275389EC00186811 /* CoffePhotosView.swift */,
				F77F517227538D6D00186811 /* MultiGridView.swift */,
				F77F51802753D3F300186811 /* PhotoLibView.swift */,
			);
			path = CoffeeShop;
			sourceTree = "<group>";
		};
		F77F51742753944E00186811 /* ProgressRing */ = {
			isa = PBXGroup;
			children = (
				F77F51762753948500186811 /* ProgressRingView.swift */,
				F77F517A275399EC00186811 /* ProgressRingContent.swift */,
				F77F51782753958F00186811 /* Color+Ext.swift */,
			);
			path = ProgressRing;
			sourceTree = "<group>";
		};
		F77F51752753946500186811 /* BasicView */ = {
			isa = PBXGroup;
			children = (
				F77D021426EDAAA3008234ED /* SwiftUI_Text.swift */,
				F77D021626EDB74D008234ED /* SwiftUI_Images_Labels.swift */,
				F77D021826EE0FA1008234ED /* SwiftUI_stacks.swift */,
				F77D021A26EE1ACD008234ED /* SwiftUI_ScrollView.swift */,
				F77D021C26EE24D3008234ED /* SwiftUI_Buttons_Labels_Gradient.swift */,
				F7287E8626F23D17000C2DD2 /* SwiftUI_State_Binding.swift */,
				F7287E8826F75717000C2DD2 /* SwiftUI_Path_Shape.swift */,
				F7287E8A26F83F84000C2DD2 /* SwiftUI_Animation.swift */,
				F706070326F9957D00AC66BC /* SwiftUI_Transition.swift */,
				F706070526F9D4A300AC66BC /* SwiftUI_List.swift */,
				F706070926F9E34600AC66BC /* SwiftUI_NavigationView.swift */,
				F731E15E2709BAFD0090D24C /* SwiftUI_NavigationView_article.swift */,
				F731E165270AAE890090D24C /* SwiftUI_Modal_Alert_Float.swift */,
				F731E167270AB4140090D24C /* SwiftUI_Modal.swift */,
				F731E169270AE7B80090D24C /* SwiftUI_form.swift */,
				F731E16B270AEACA0090D24C /* SettingView.swift */,
				F731E16D270AF59F0090D24C /* SettingStore.swift */,
				F731E16F270B33BE0090D24C /* SwiftUI_ContextMenu.swift */,
				F731E171270C5BCF0090D24C /* SwiftUI_signup.swift */,
				F731E173270C67250090D24C /* UserRegistrationViewModel.swift */,
				BFA5FC7527281B49004C139A /* SwiftUI_Webview.swift */,
				BFA5FC772728210F004C139A /* SwiftUI_AnimateGradient.swift */,
				BFD1B3FA27291E2000EF14AA /* SwiftUI_NamespaceAnimation.swift */,
				BF800C6927292C3000E13BB1 /* SwiftUI_AnimatedNaviMenu.swift */,
				BF800C6B272933DB00E13BB1 /* SwiftUI_AsyncImage.swift */,
				F77F517C2753C44B00186811 /* SwiftUI_TextEditor.swift */,
				F77F517E2753C6ED00186811 /* SwiftUI_GeometryEffect.swift */,
			);
			path = BasicView;
			sourceTree = "<group>";
		};
		F77F921F271C2EAA00A9379B /* model */ = {
			isa = PBXGroup;
			children = (
				F72B720E27130139004CA48C /* Loan.swift */,
			);
			path = model;
			sourceTree = "<group>";
		};
		F77F9220271C2EB900A9379B /* ViewModel */ = {
			isa = PBXGroup;
			children = (
				F72B7210271301F8004CA48C /* LoanStore.swift */,
			);
			path = ViewModel;
			sourceTree = "<group>";
		};
		F77F9221271C2ECE00A9379B /* Views */ = {
			isa = PBXGroup;
			children = (
				F72B724A271C258E004CA48C /* LoanContentView.swift */,
				F72B7248271C242D004CA48C /* LoanCellView.swift */,
				F72B724C271C266B004CA48C /* LoanFilterView.swift */,
			);
			path = Views;
			sourceTree = "<group>";
		};
		F77F9241271C33C500A9379B /* ToDoApp */ = {
			isa = PBXGroup;
			children = (
				F77F92572724267600A9379B /* UISearchBar */,
				F77F9249271C343800A9379B /* Model */,
				F77F9244271C33F400A9379B /* Views */,
			);
			path = ToDoApp;
			sourceTree = "<group>";
		};
		F77F9244271C33F400A9379B /* Views */ = {
			isa = PBXGroup;
			children = (
				F77F9242271C33DE00A9379B /* ToDoContentView.swift */,
				F77F925A2724336600A9379B /* FilteredList.swift */,
				F77F9245271C341F00A9379B /* CheckboxStyle.swift */,
				F77F9247271C342A00A9379B /* NewToDoView.swift */,
			);
			path = Views;
			sourceTree = "<group>";
		};
		F77F9249271C343800A9379B /* Model */ = {
			isa = PBXGroup;
			children = (
				F77F924A271C344900A9379B /* ToDoItem.swift */,
				F77F9250271C612400A9379B /* ToDoPersistence.swift */,
				F77F9252271C635E00A9379B /* ToDoList.xcdatamodeld */,
			);
			path = Model;
			sourceTree = "<group>";
		};
		F77F92572724267600A9379B /* UISearchBar */ = {
			isa = PBXGroup;
			children = (
				F77F92582724269200A9379B /* SearchBar.swift */,
				BF896AD227314C8A00115A80 /* ToDoSearchBar.swift */,
			);
			path = UISearchBar;
			sourceTree = "<group>";
		};
		F77F927327255DBF00A9379B /* handleKeyboard */ = {
			isa = PBXGroup;
			children = (
				F77F92712725588600A9379B /* AutoResize.swift */,
				F77F924C271C3AE600A9379B /* KeyboardResponder.swift */,
			);
			path = handleKeyboard;
			sourceTree = "<group>";
		};
		F77F927427255DE600A9379B /* Camera */ = {
			isa = PBXGroup;
			children = (
				F77F927527255E3E00A9379B /* CameraContentView.swift */,
				F782BA9F27256C7500EF3BA2 /* CameraView.swift */,
				F782BAA127256CA600EF3BA2 /* CameraModel.swift */,
			);
			path = Camera;
			sourceTree = "<group>";
		};
		F7ABB92C27D5ABB300A28EC1 /* AppleClockView */ = {
			isa = PBXGroup;
			children = (
				F7ABB92D27D5AC1100A28EC1 /* AppleClockView.swift */,
				F7ABB92F27D5ACDE00A28EC1 /* SpotifyNowPlayingView.swift */,
			);
			path = AppleClockView;
			sourceTree = "<group>";
		};
		F7BAC37027F28909000AAA8E /* StickyHeader */ = {
			isa = PBXGroup;
			children = (
				F7BAC37327F28930000AAA8E /* ViewModel */,
				F7BAC37227F2892B000AAA8E /* Model */,
				F7BAC37127F28926000AAA8E /* view */,
			);
			path = StickyHeader;
			sourceTree = "<group>";
		};
		F7BAC37127F28926000AAA8E /* view */ = {
			isa = PBXGroup;
			children = (
				F7BAC37427F28969000AAA8E /* StickyHeaderContentView.swift */,
				F7BAC37827F28DA7000AAA8E /* FoodCardView.swift */,
				F7BAC37A27F28F08000AAA8E /* FoodHeaderView.swift */,
			);
			path = view;
			sourceTree = "<group>";
		};
		F7BAC37227F2892B000AAA8E /* Model */ = {
			isa = PBXGroup;
			children = (
				F7BAC37627F289E6000AAA8E /* Food.swift */,
				F7BAC37C27F2A5B1000AAA8E /* FoodTab.swift */,
			);
			path = Model;
			sourceTree = "<group>";
		};
		F7BAC37327F28930000AAA8E /* ViewModel */ = {
			isa = PBXGroup;
			children = (
				F751C9AD27F305D8000C89A1 /* FoodViewModel.swift */,
			);
			path = ViewModel;
			sourceTree = "<group>";
		};
		F7C197D3274117BA00C7DF2A /* FakeAPPStore */ = {
			isa = PBXGroup;
			children = (
				F7C197D52741183A00C7DF2A /* AppStoreArticle.swift */,
				F70966C7274A38E500878A0D /* AppStoreContentView.swift */,
				F7C197D72741198C00C7DF2A /* ArticleExcerptView.swift */,
				F70966C5274A335300878A0D /* ArticleCardView.swift */,
			);
			path = FakeAPPStore;
			sourceTree = "<group>";
		};
/* End PBXGroup section */

/* Begin PBXNativeTarget section */
		F77D020126EDAA60008234ED /* SwiftUI-Views */ = {
			isa = PBXNativeTarget;
			buildConfigurationList = F77D021126EDAA62008234ED /* Build configuration list for PBXNativeTarget "SwiftUI-Views" */;
			buildPhases = (
				F77D01FE26EDAA60008234ED /* Sources */,
				F77D01FF26EDAA60008234ED /* Frameworks */,
				F77D020026EDAA60008234ED /* Resources */,
			);
			buildRules = (
			);
			dependencies = (
			);
			name = "SwiftUI-Views";
			productName = "SwiftUI-Views";
			productReference = F77D020226EDAA60008234ED /* SwiftUI-Views.app */;
			productType = "com.apple.product-type.application";
		};
/* End PBXNativeTarget section */

/* Begin PBXProject section */
		F77D01FA26EDAA60008234ED /* Project object */ = {
			isa = PBXProject;
			attributes = {
				LastSwiftUpdateCheck = 1330;
				LastUpgradeCheck = 1250;
				TargetAttributes = {
					F77D020126EDAA60008234ED = {
						CreatedOnToolsVersion = 12.5.1;
					};
				};
			};
			buildConfigurationList = F77D01FD26EDAA60008234ED /* Build configuration list for PBXProject "SwiftUI-Views" */;
			compatibilityVersion = "Xcode 9.3";
			developmentRegion = en;
			hasScannedForEncodings = 0;
			knownRegions = (
				en,
				Base,
			);
			mainGroup = F77D01F926EDAA60008234ED;
			productRefGroup = F77D020326EDAA60008234ED /* Products */;
			projectDirPath = "";
			projectRoot = "";
			targets = (
				F77D020126EDAA60008234ED /* SwiftUI-Views */,
			);
		};
/* End PBXProject section */

/* Begin PBXResourcesBuildPhase section */
		F77D020026EDAA60008234ED /* Resources */ = {
			isa = PBXResourcesBuildPhase;
			buildActionMask = 2147483647;
			files = (
				F74A451527E31ED700657E9A /* Colors.xcassets in Resources */,
				F77D020D26EDAA62008234ED /* Preview Assets.xcassets in Resources */,
				F77D020A26EDAA62008234ED /* Assets.xcassets in Resources */,
			);
			runOnlyForDeploymentPostprocessing = 0;
		};
/* End PBXResourcesBuildPhase section */

/* Begin PBXSourcesBuildPhase section */
		F77D01FE26EDAA60008234ED /* Sources */ = {
			isa = PBXSourcesBuildPhase;
			buildActionMask = 2147483647;
			files = (
				BF800C6C272933DB00E13BB1 /* SwiftUI_AsyncImage.swift in Sources */,
				F77D021D26EE24D3008234ED /* SwiftUI_Buttons_Labels_Gradient.swift in Sources */,
				F7287E8B26F83F84000C2DD2 /* SwiftUI_Animation.swift in Sources */,
				F77F517D2753C44B00186811 /* SwiftUI_TextEditor.swift in Sources */,
				F72B71FB270EDCF8004CA48C /* TinderCardView.swift in Sources */,
				F782BAA027256C7500EF3BA2 /* CameraView.swift in Sources */,
				F77F51792753958F00186811 /* Color+Ext.swift in Sources */,
				F77D021726EDB74D008234ED /* SwiftUI_Images_Labels.swift in Sources */,
				F731E16C270AEACA0090D24C /* SettingView.swift in Sources */,
				BF896AE727315F0600115A80 /* PaymentActivity.swift in Sources */,
				F74A450D27E3152900657E9A /* NeumorphismView.swift in Sources */,
				F70966C6274A335300878A0D /* ArticleCardView.swift in Sources */,
				F731E17B270DCA8B0090D24C /* RestaurantInfo.swift in Sources */,
				BF896AE827315F0600115A80 /* PFPersistence.swift in Sources */,
				BFA5FC782728210F004C139A /* SwiftUI_AnimateGradient.swift in Sources */,
				F7BAC37527F28969000AAA8E /* StickyHeaderContentView.swift in Sources */,
				F77F9248271C342A00A9379B /* NewToDoView.swift in Sources */,
				F731E166270AAE890090D24C /* SwiftUI_Modal_Alert_Float.swift in Sources */,
				F77D020826EDAA60008234ED /* ContentView.swift in Sources */,
				F70966DA2753835B00878A0D /* LazyGrid.swift in Sources */,
				F77F9251271C612400A9379B /* ToDoPersistence.swift in Sources */,
				F7C197D82741198C00C7DF2A /* ArticleExcerptView.swift in Sources */,
				F72B71FF270EF7BE004CA48C /* Card.swift in Sources */,
				F731E15F2709BAFD0090D24C /* SwiftUI_NavigationView_article.swift in Sources */,
				F7522F0527DCA11A00358D54 /* LoginPage.swift in Sources */,
				F77F516F275389BC00186811 /* CoffePhoto.swift in Sources */,
				BF896AF427315F2A00115A80 /* DashboardView.swift in Sources */,
				BF896AF027315F2A00115A80 /* PaymentDetailView.swift in Sources */,
				F77F5171275389EC00186811 /* CoffePhotosView.swift in Sources */,
				BF896AFA27315F6800115A80 /* PaymentDetailViewModel.swift in Sources */,
				F72B724B271C258E004CA48C /* LoanContentView.swift in Sources */,
				F7ABB92E27D5AC1100A28EC1 /* AppleClockView.swift in Sources */,
				F751C9AE27F305D8000C89A1 /* FoodViewModel.swift in Sources */,
				BF896AF527315F2A00115A80 /* KeyboardAdaptive.swift in Sources */,
				F7C197D62741183A00C7DF2A /* AppStoreArticle.swift in Sources */,
				F70966D72753718F00878A0D /* MenuItem.swift in Sources */,
				F70966D0274A439F00878A0D /* ICTripCardView.swift in Sources */,
				F70966D2274A4C4900878A0D /* ICTripDetailView.swift in Sources */,
				F72B71F4270EA53D004CA48C /* BottomSheetView.swift in Sources */,
				F7ABB93027D5ACDE00A28EC1 /* SpotifyNowPlayingView.swift in Sources */,
				F731E17D270DCAB20090D24C /* SwiftUI_BottomSheet.swift in Sources */,
				F72B71F2270DDCBD004CA48C /* DragState.swift in Sources */,
				BF896AE327315EE000115A80 /* Date+Ext.swift in Sources */,
				F7522F0927DCA15F00358D54 /* SignUPView.swift in Sources */,
				F77F51812753D3F300186811 /* PhotoLibView.swift in Sources */,
				BFA5FC7627281B49004C139A /* SwiftUI_Webview.swift in Sources */,
				F731E172270C5BCF0090D24C /* SwiftUI_signup.swift in Sources */,
				F72B7208270EF92D004CA48C /* AppleCardView.swift in Sources */,
				F731E168270AB4140090D24C /* SwiftUI_Modal.swift in Sources */,
				F7287E8726F23D17000C2DD2 /* SwiftUI_State_Binding.swift in Sources */,
				BF896AD327314C8A00115A80 /* ToDoSearchBar.swift in Sources */,
				F72B7204270EF811004CA48C /* WalletContentView.swift in Sources */,
				F77F92592724269200A9379B /* SearchBar.swift in Sources */,
				F7287E8926F75717000C2DD2 /* SwiftUI_Path_Shape.swift in Sources */,
				F77F927627255E3E00A9379B /* CameraContentView.swift in Sources */,
				F70966CC274A429100878A0D /* ImageCarouselContentView.swift in Sources */,
				F782BAA227256CA600EF3BA2 /* CameraModel.swift in Sources */,
				F72B7206270EF81E004CA48C /* TransactionHistoryView.swift in Sources */,
				BF896AD727315E9A00115A80 /* PFinanceStore.xcdatamodeld in Sources */,
				F77F924B271C344900A9379B /* ToDoItem.swift in Sources */,
				BF800C6A27292C3000E13BB1 /* SwiftUI_AnimatedNaviMenu.swift in Sources */,
				F70966C8274A38E500878A0D /* AppStoreContentView.swift in Sources */,
				F706070A26F9E34600AC66BC /* SwiftUI_NavigationView.swift in Sources */,
				F731E178270DC5600090D24C /* DraggableView.swift in Sources */,
				F77D021926EE0FA1008234ED /* SwiftUI_stacks.swift in Sources */,
				BF896AE227315EE000115A80 /* NumberFormatter+Ext.swift in Sources */,
				F7522F0727DCA14900358D54 /* LoginView.swift in Sources */,
				F74A451127E3155200657E9A /* NeumorphismDark.swift in Sources */,
				F77F924D271C3AE600A9379B /* KeyboardResponder.swift in Sources */,
				F72B7211271301F8004CA48C /* LoanStore.swift in Sources */,
				F7BAC37D27F2A5B2000AAA8E /* FoodTab.swift in Sources */,
				BF896AF127315F2A00115A80 /* BottomSheet.swift in Sources */,
				F72B720F27130139004CA48C /* Loan.swift in Sources */,
				BFD1B3FB27291E2000EF14AA /* SwiftUI_NamespaceAnimation.swift in Sources */,
				F72B724D271C266B004CA48C /* LoanFilterView.swift in Sources */,
				BF896AF227315F2A00115A80 /* PaymentFormView.swift in Sources */,
				F72B720A270EFC3C004CA48C /* SwiftUI_zIndex.swift in Sources */,
				F7BAC37B27F28F08000AAA8E /* FoodHeaderView.swift in Sources */,
				F731E16A270AE7B80090D24C /* SwiftUI_form.swift in Sources */,
				F77F92722725588600A9379B /* AutoResize.swift in Sources */,
				F7BAC37727F289E6000AAA8E /* Food.swift in Sources */,
				F706070626F9D4A300AC66BC /* SwiftUI_List.swift in Sources */,
				F7BAC37927F28DA7000AAA8E /* FoodCardView.swift in Sources */,
				F72B720C270F08C3004CA48C /* CardDragState.swift in Sources */,
				F731E1642709BBCF0090D24C /* ArticleDetailView.swift in Sources */,
				F731E17F270DCB400090D24C /* RestaurantInfoRow.swift in Sources */,
				F74A450F27E3154900657E9A /* NeumorphismLight.swift in Sources */,
				F77D021B26EE1ACD008234ED /* SwiftUI_ScrollView.swift in Sources */,
				F77F9254271C635E00A9379B /* ToDoList.xcdatamodeld in Sources */,
				F77D020626EDAA60008234ED /* SwiftUI_ViewsApp.swift in Sources */,
				F731E1622709BB890090D24C /* Article.swift in Sources */,
				F72B7249271C242D004CA48C /* LoanCellView.swift in Sources */,
				F77F51772753948600186811 /* ProgressRingView.swift in Sources */,
				F706070426F9957D00AC66BC /* SwiftUI_Transition.swift in Sources */,
				F77F517327538D6D00186811 /* MultiGridView.swift in Sources */,
				F77F925B2724336600A9379B /* FilteredList.swift in Sources */,
				F77F9246271C341F00A9379B /* CheckboxStyle.swift in Sources */,
				BF896AFB27315F6800115A80 /* PaymentFormViewModel.swift in Sources */,
				F77F517F2753C6ED00186811 /* SwiftUI_GeometryEffect.swift in Sources */,
				F731E174270C67250090D24C /* UserRegistrationViewModel.swift in Sources */,
				F706070826F9E29F00AC66BC /* ArticleView.swift in Sources */,
				F77F9243271C33DE00A9379B /* ToDoContentView.swift in Sources */,
				F72B7201270EF7E5004CA48C /* CardTransaction.swift in Sources */,
				F731E16E270AF59F0090D24C /* SettingStore.swift in Sources */,
				F70966D52753712B00878A0D /* ExpandableListContentView.swift in Sources */,
				F731E181270DCBFC0090D24C /* RestaurantInfoDetailPageView.swift in Sources */,
				F731E176270DB5190090D24C /* SwiftUI_Gesture.swift in Sources */,
				F77D021526EDAAA3008234ED /* SwiftUI_Text.swift in Sources */,
				F72B71F7270EDC1F004CA48C /* Trip.swift in Sources */,
				BF896AF327315F2A00115A80 /* PFBlankView.swift in Sources */,
				F72B71F9270EDC46004CA48C /* Tinder.swift in Sources */,
				F70966CE274A432700878A0D /* ICTrip.swift in Sources */,
				F731E170270B33BE0090D24C /* SwiftUI_ContextMenu.swift in Sources */,
				F77F517B275399EC00186811 /* ProgressRingContent.swift in Sources */,
			);
			runOnlyForDeploymentPostprocessing = 0;
		};
/* End PBXSourcesBuildPhase section */

/* Begin XCBuildConfiguration section */
		F77D020F26EDAA62008234ED /* Debug */ = {
			isa = XCBuildConfiguration;
			buildSettings = {
				ALWAYS_SEARCH_USER_PATHS = NO;
				CLANG_ANALYZER_NONNULL = YES;
				CLANG_ANALYZER_NUMBER_OBJECT_CONVERSION = YES_AGGRESSIVE;
				CLANG_CXX_LANGUAGE_STANDARD = "gnu++14";
				CLANG_CXX_LIBRARY = "libc++";
				CLANG_ENABLE_MODULES = YES;
				CLANG_ENABLE_OBJC_ARC = YES;
				CLANG_ENABLE_OBJC_WEAK = YES;
				CLANG_WARN_BLOCK_CAPTURE_AUTORELEASING = YES;
				CLANG_WARN_BOOL_CONVERSION = YES;
				CLANG_WARN_COMMA = YES;
				CLANG_WARN_CONSTANT_CONVERSION = YES;
				CLANG_WARN_DEPRECATED_OBJC_IMPLEMENTATIONS = YES;
				CLANG_WARN_DIRECT_OBJC_ISA_USAGE = YES_ERROR;
				CLANG_WARN_DOCUMENTATION_COMMENTS = YES;
				CLANG_WARN_EMPTY_BODY = YES;
				CLANG_WARN_ENUM_CONVERSION = YES;
				CLANG_WARN_INFINITE_RECURSION = YES;
				CLANG_WARN_INT_CONVERSION = YES;
				CLANG_WARN_NON_LITERAL_NULL_CONVERSION = YES;
				CLANG_WARN_OBJC_IMPLICIT_RETAIN_SELF = YES;
				CLANG_WARN_OBJC_LITERAL_CONVERSION = YES;
				CLANG_WARN_OBJC_ROOT_CLASS = YES_ERROR;
				CLANG_WARN_QUOTED_INCLUDE_IN_FRAMEWORK_HEADER = YES;
				CLANG_WARN_RANGE_LOOP_ANALYSIS = YES;
				CLANG_WARN_STRICT_PROTOTYPES = YES;
				CLANG_WARN_SUSPICIOUS_MOVE = YES;
				CLANG_WARN_UNGUARDED_AVAILABILITY = YES_AGGRESSIVE;
				CLANG_WARN_UNREACHABLE_CODE = YES;
				CLANG_WARN__DUPLICATE_METHOD_MATCH = YES;
				COPY_PHASE_STRIP = NO;
				DEBUG_INFORMATION_FORMAT = dwarf;
				ENABLE_STRICT_OBJC_MSGSEND = YES;
				ENABLE_TESTABILITY = YES;
				GCC_C_LANGUAGE_STANDARD = gnu11;
				GCC_DYNAMIC_NO_PIC = NO;
				GCC_NO_COMMON_BLOCKS = YES;
				GCC_OPTIMIZATION_LEVEL = 0;
				GCC_PREPROCESSOR_DEFINITIONS = (
					"DEBUG=1",
					"$(inherited)",
				);
				GCC_WARN_64_TO_32_BIT_CONVERSION = YES;
				GCC_WARN_ABOUT_RETURN_TYPE = YES_ERROR;
				GCC_WARN_UNDECLARED_SELECTOR = YES;
				GCC_WARN_UNINITIALIZED_AUTOS = YES_AGGRESSIVE;
				GCC_WARN_UNUSED_FUNCTION = YES;
				GCC_WARN_UNUSED_VARIABLE = YES;
				IPHONEOS_DEPLOYMENT_TARGET = 14.5;
				MTL_ENABLE_DEBUG_INFO = INCLUDE_SOURCE;
				MTL_FAST_MATH = YES;
				ONLY_ACTIVE_ARCH = YES;
				SDKROOT = iphoneos;
				SWIFT_ACTIVE_COMPILATION_CONDITIONS = DEBUG;
				SWIFT_OPTIMIZATION_LEVEL = "-Onone";
			};
			name = Debug;
		};
		F77D021026EDAA62008234ED /* Release */ = {
			isa = XCBuildConfiguration;
			buildSettings = {
				ALWAYS_SEARCH_USER_PATHS = NO;
				CLANG_ANALYZER_NONNULL = YES;
				CLANG_ANALYZER_NUMBER_OBJECT_CONVERSION = YES_AGGRESSIVE;
				CLANG_CXX_LANGUAGE_STANDARD = "gnu++14";
				CLANG_CXX_LIBRARY = "libc++";
				CLANG_ENABLE_MODULES = YES;
				CLANG_ENABLE_OBJC_ARC = YES;
				CLANG_ENABLE_OBJC_WEAK = YES;
				CLANG_WARN_BLOCK_CAPTURE_AUTORELEASING = YES;
				CLANG_WARN_BOOL_CONVERSION = YES;
				CLANG_WARN_COMMA = YES;
				CLANG_WARN_CONSTANT_CONVERSION = YES;
				CLANG_WARN_DEPRECATED_OBJC_IMPLEMENTATIONS = YES;
				CLANG_WARN_DIRECT_OBJC_ISA_USAGE = YES_ERROR;
				CLANG_WARN_DOCUMENTATION_COMMENTS = YES;
				CLANG_WARN_EMPTY_BODY = YES;
				CLANG_WARN_ENUM_CONVERSION = YES;
				CLANG_WARN_INFINITE_RECURSION = YES;
				CLANG_WARN_INT_CONVERSION = YES;
				CLANG_WARN_NON_LITERAL_NULL_CONVERSION = YES;
				CLANG_WARN_OBJC_IMPLICIT_RETAIN_SELF = YES;
				CLANG_WARN_OBJC_LITERAL_CONVERSION = YES;
				CLANG_WARN_OBJC_ROOT_CLASS = YES_ERROR;
				CLANG_WARN_QUOTED_INCLUDE_IN_FRAMEWORK_HEADER = YES;
				CLANG_WARN_RANGE_LOOP_ANALYSIS = YES;
				CLANG_WARN_STRICT_PROTOTYPES = YES;
				CLANG_WARN_SUSPICIOUS_MOVE = YES;
				CLANG_WARN_UNGUARDED_AVAILABILITY = YES_AGGRESSIVE;
				CLANG_WARN_UNREACHABLE_CODE = YES;
				CLANG_WARN__DUPLICATE_METHOD_MATCH = YES;
				COPY_PHASE_STRIP = NO;
				DEBUG_INFORMATION_FORMAT = "dwarf-with-dsym";
				ENABLE_NS_ASSERTIONS = NO;
				ENABLE_STRICT_OBJC_MSGSEND = YES;
				GCC_C_LANGUAGE_STANDARD = gnu11;
				GCC_NO_COMMON_BLOCKS = YES;
				GCC_WARN_64_TO_32_BIT_CONVERSION = YES;
				GCC_WARN_ABOUT_RETURN_TYPE = YES_ERROR;
				GCC_WARN_UNDECLARED_SELECTOR = YES;
				GCC_WARN_UNINITIALIZED_AUTOS = YES_AGGRESSIVE;
				GCC_WARN_UNUSED_FUNCTION = YES;
				GCC_WARN_UNUSED_VARIABLE = YES;
				IPHONEOS_DEPLOYMENT_TARGET = 14.5;
				MTL_ENABLE_DEBUG_INFO = NO;
				MTL_FAST_MATH = YES;
				SDKROOT = iphoneos;
				SWIFT_COMPILATION_MODE = wholemodule;
				SWIFT_OPTIMIZATION_LEVEL = "-O";
				VALIDATE_PRODUCT = YES;
			};
			name = Release;
		};
		F77D021226EDAA62008234ED /* Debug */ = {
			isa = XCBuildConfiguration;
			buildSettings = {
				ASSETCATALOG_COMPILER_APPICON_NAME = AppIcon;
				ASSETCATALOG_COMPILER_GLOBAL_ACCENT_COLOR_NAME = AccentColor;
				CODE_SIGN_STYLE = Automatic;
				DEVELOPMENT_ASSET_PATHS = "\"SwiftUI-Views/Preview Content\"";
				DEVELOPMENT_TEAM = X2CUKWK56W;
				ENABLE_PREVIEWS = YES;
				INFOPLIST_FILE = "SwiftUI-Views/Info.plist";
				IPHONEOS_DEPLOYMENT_TARGET = 14.0;
				LD_RUNPATH_SEARCH_PATHS = (
					"$(inherited)",
					"@executable_path/Frameworks",
				);
				PRODUCT_BUNDLE_IDENTIFIER = com.lonely.swiftuiviews;
				PRODUCT_NAME = "$(TARGET_NAME)";
				SWIFT_VERSION = 5.0;
				TARGETED_DEVICE_FAMILY = "1,2";
			};
			name = Debug;
		};
		F77D021326EDAA62008234ED /* Release */ = {
			isa = XCBuildConfiguration;
			buildSettings = {
				ASSETCATALOG_COMPILER_APPICON_NAME = AppIcon;
				ASSETCATALOG_COMPILER_GLOBAL_ACCENT_COLOR_NAME = AccentColor;
				CODE_SIGN_STYLE = Automatic;
				DEVELOPMENT_ASSET_PATHS = "\"SwiftUI-Views/Preview Content\"";
				DEVELOPMENT_TEAM = X2CUKWK56W;
				ENABLE_PREVIEWS = YES;
				INFOPLIST_FILE = "SwiftUI-Views/Info.plist";
				IPHONEOS_DEPLOYMENT_TARGET = 14.0;
				LD_RUNPATH_SEARCH_PATHS = (
					"$(inherited)",
					"@executable_path/Frameworks",
				);
				PRODUCT_BUNDLE_IDENTIFIER = com.lonely.swiftuiviews;
				PRODUCT_NAME = "$(TARGET_NAME)";
				SWIFT_VERSION = 5.0;
				TARGETED_DEVICE_FAMILY = "1,2";
			};
			name = Release;
		};
/* End XCBuildConfiguration section */

/* Begin XCConfigurationList section */
		F77D01FD26EDAA60008234ED /* Build configuration list for PBXProject "SwiftUI-Views" */ = {
			isa = XCConfigurationList;
			buildConfigurations = (
				F77D020F26EDAA62008234ED /* Debug */,
				F77D021026EDAA62008234ED /* Release */,
			);
			defaultConfigurationIsVisible = 0;
			defaultConfigurationName = Release;
		};
		F77D021126EDAA62008234ED /* Build configuration list for PBXNativeTarget "SwiftUI-Views" */ = {
			isa = XCConfigurationList;
			buildConfigurations = (
				F77D021226EDAA62008234ED /* Debug */,
				F77D021326EDAA62008234ED /* Release */,
			);
			defaultConfigurationIsVisible = 0;
			defaultConfigurationName = Release;
		};
/* End XCConfigurationList section */

/* Begin XCVersionGroup section */
		BF896AD527315E9A00115A80 /* PFinanceStore.xcdatamodeld */ = {
			isa = XCVersionGroup;
			children = (
				BF896AD627315E9A00115A80 /* PFinanceStore.xcdatamodel */,
			);
			currentVersion = BF896AD627315E9A00115A80 /* PFinanceStore.xcdatamodel */;
			path = PFinanceStore.xcdatamodeld;
			sourceTree = "<group>";
			versionGroupType = wrapper.xcdatamodel;
		};
		F77F9252271C635E00A9379B /* ToDoList.xcdatamodeld */ = {
			isa = XCVersionGroup;
			children = (
				F77F9253271C635E00A9379B /* ToDoList.xcdatamodel */,
			);
			currentVersion = F77F9253271C635E00A9379B /* ToDoList.xcdatamodel */;
			path = ToDoList.xcdatamodeld;
			sourceTree = "<group>";
			versionGroupType = wrapper.xcdatamodel;
		};
/* End XCVersionGroup section */
	};
	rootObject = F77D01FA26EDAA60008234ED /* Project object */;
}
